// !$*UTF8*$!
{
	archiveVersion = 1;
	classes = {
	};
	objectVersion = 46;
	objects = {

/* Begin PBXBuildFile section */
		1DE0D9BB28890743D4827993 /* libPods.a in Frameworks */ = {isa = PBXBuildFile; fileRef = 71A8261AD1B4F37ED32009D2 /* libPods.a */; };
		20C36B1D1B8B838000D3E3D6 /* UIFont+Sizes.m in Sources */ = {isa = PBXBuildFile; fileRef = 20C36B1C1B8B838000D3E3D6 /* UIFont+Sizes.m */; };
		20C36B201B8B876900D3E3D6 /* UIView+AYUtils.m in Sources */ = {isa = PBXBuildFile; fileRef = 20C36B1F1B8B876900D3E3D6 /* UIView+AYUtils.m */; };
		20C36B2C1B8C556000D3E3D6 /* UIImage+AYAdditions.m in Sources */ = {isa = PBXBuildFile; fileRef = 20C36B291B8C556000D3E3D6 /* UIImage+AYAdditions.m */; };
		20C36B2D1B8C556000D3E3D6 /* UIColor+AYHooks.m in Sources */ = {isa = PBXBuildFile; fileRef = 20C36B2B1B8C556000D3E3D6 /* UIColor+AYHooks.m */; };
		45029AF71B4BB41500E4B8AC /* ResultsViewController.m in Sources */ = {isa = PBXBuildFile; fileRef = 45029AF61B4BB41500E4B8AC /* ResultsViewController.m */; };
		4541419F1B53AD9D00524FA9 /* RecipesTableViewCell.m in Sources */ = {isa = PBXBuildFile; fileRef = 4541419E1B53AD9D00524FA9 /* RecipesTableViewCell.m */; };
		454141A21B53B6AB00524FA9 /* RecipesTableViewController.m in Sources */ = {isa = PBXBuildFile; fileRef = 454141A11B53B6AB00524FA9 /* RecipesTableViewController.m */; };
		45742A001B611352001DF544 /* DictionaryCard.m in Sources */ = {isa = PBXBuildFile; fileRef = 457429FF1B611352001DF544 /* DictionaryCard.m */; };
		45AE26A01B5D1D2C00245732 /* DictionaryViewController.m in Sources */ = {isa = PBXBuildFile; fileRef = 45AE269F1B5D1D2C00245732 /* DictionaryViewController.m */; };
		45AE26A31B5E1A0600245732 /* DetailTableViewController.m in Sources */ = {isa = PBXBuildFile; fileRef = 45AE26A21B5E1A0600245732 /* DetailTableViewController.m */; };
		45AE26A61B5E4A3700245732 /* QuartzCore.framework in Frameworks */ = {isa = PBXBuildFile; fileRef = 45AE26A51B5E4A3700245732 /* QuartzCore.framework */; };
		45BB36FA1B414DF80079AF05 /* main.m in Sources */ = {isa = PBXBuildFile; fileRef = 45BB36F91B414DF80079AF05 /* main.m */; };
		45BB36FD1B414DF80079AF05 /* AppDelegate.m in Sources */ = {isa = PBXBuildFile; fileRef = 45BB36FC1B414DF80079AF05 /* AppDelegate.m */; };
		45BB37001B414DF80079AF05 /* LogInViewController.m in Sources */ = {isa = PBXBuildFile; fileRef = 45BB36FF1B414DF80079AF05 /* LogInViewController.m */; };
		45BB37031B414DF80079AF05 /* Main.storyboard in Resources */ = {isa = PBXBuildFile; fileRef = 45BB37011B414DF80079AF05 /* Main.storyboard */; };
		45BB37081B414DF80079AF05 /* LaunchScreen.xib in Resources */ = {isa = PBXBuildFile; fileRef = 45BB37061B414DF80079AF05 /* LaunchScreen.xib */; };
		45BB37141B414DF80079AF05 /* KelinTests.m in Sources */ = {isa = PBXBuildFile; fileRef = 45BB37131B414DF80079AF05 /* KelinTests.m */; };
		45D08C281B4287FF00C05A99 /* CategoriesViewController.m in Sources */ = {isa = PBXBuildFile; fileRef = 45D08C271B4287FF00C05A99 /* CategoriesViewController.m */; };
		45D08C2B1B42AE1F00C05A99 /* TestViewController.m in Sources */ = {isa = PBXBuildFile; fileRef = 45D08C2A1B42AE1F00C05A99 /* TestViewController.m */; };
		45DA8CD41B58FFB400C82362 /* Images.xcassets in Resources */ = {isa = PBXBuildFile; fileRef = 45DA8CD31B58FFB400C82362 /* Images.xcassets */; };
		45DB13BB1B4E9F90008F0344 /* Fabric.framework in Frameworks */ = {isa = PBXBuildFile; fileRef = 45DB13B91B4E9F90008F0344 /* Fabric.framework */; };
		45DB13BC1B4E9F90008F0344 /* Crashlytics.framework in Frameworks */ = {isa = PBXBuildFile; fileRef = 45DB13BA1B4E9F90008F0344 /* Crashlytics.framework */; };
		45DBB8241B4FB6DE005FE6F5 /* AuthorizationViewController.m in Sources */ = {isa = PBXBuildFile; fileRef = 45DBB8231B4FB6DE005FE6F5 /* AuthorizationViewController.m */; };
		45DBB82A1B4FBD9E005FE6F5 /* SignUpViewController.m in Sources */ = {isa = PBXBuildFile; fileRef = 45DBB8291B4FBD9E005FE6F5 /* SignUpViewController.m */; };
		45DD803A1B664DD200E7B3C7 /* Question.m in Sources */ = {isa = PBXBuildFile; fileRef = 45DD80391B664DD200E7B3C7 /* Question.m */; };
		45E2E5631B68FF1900950052 /* SendSecretViewController.m in Sources */ = {isa = PBXBuildFile; fileRef = 45E2E5621B68FF1900950052 /* SendSecretViewController.m */; };
		45E2E5661B69E78200950052 /* SecretsViewController.m in Sources */ = {isa = PBXBuildFile; fileRef = 45E2E5651B69E78200950052 /* SecretsViewController.m */; };
/* End PBXBuildFile section */

/* Begin PBXContainerItemProxy section */
		45BB370E1B414DF80079AF05 /* PBXContainerItemProxy */ = {
			isa = PBXContainerItemProxy;
			containerPortal = 45BB36EC1B414DF80079AF05 /* Project object */;
			proxyType = 1;
			remoteGlobalIDString = 45BB36F31B414DF80079AF05;
			remoteInfo = K;
		};
/* End PBXContainerItemProxy section */

/* Begin PBXFileReference section */
		20C36B1B1B8B838000D3E3D6 /* UIFont+Sizes.h */ = {isa = PBXFileReference; fileEncoding = 4; lastKnownFileType = sourcecode.c.h; path = "UIFont+Sizes.h"; sourceTree = "<group>"; };
		20C36B1C1B8B838000D3E3D6 /* UIFont+Sizes.m */ = {isa = PBXFileReference; fileEncoding = 4; lastKnownFileType = sourcecode.c.objc; path = "UIFont+Sizes.m"; sourceTree = "<group>"; };
		20C36B1E1B8B876900D3E3D6 /* UIView+AYUtils.h */ = {isa = PBXFileReference; fileEncoding = 4; lastKnownFileType = sourcecode.c.h; path = "UIView+AYUtils.h"; sourceTree = "<group>"; };
		20C36B1F1B8B876900D3E3D6 /* UIView+AYUtils.m */ = {isa = PBXFileReference; fileEncoding = 4; lastKnownFileType = sourcecode.c.objc; path = "UIView+AYUtils.m"; sourceTree = "<group>"; };
		20C36B271B8BA52800D3E3D6 /* AYMacros.h */ = {isa = PBXFileReference; lastKnownFileType = sourcecode.c.h; path = AYMacros.h; sourceTree = "<group>"; };
		20C36B281B8C556000D3E3D6 /* UIImage+AYAdditions.h */ = {isa = PBXFileReference; fileEncoding = 4; lastKnownFileType = sourcecode.c.h; path = "UIImage+AYAdditions.h"; sourceTree = "<group>"; };
		20C36B291B8C556000D3E3D6 /* UIImage+AYAdditions.m */ = {isa = PBXFileReference; fileEncoding = 4; lastKnownFileType = sourcecode.c.objc; path = "UIImage+AYAdditions.m"; sourceTree = "<group>"; };
		20C36B2A1B8C556000D3E3D6 /* UIColor+AYHooks.h */ = {isa = PBXFileReference; fileEncoding = 4; lastKnownFileType = sourcecode.c.h; path = "UIColor+AYHooks.h"; sourceTree = "<group>"; };
		20C36B2B1B8C556000D3E3D6 /* UIColor+AYHooks.m */ = {isa = PBXFileReference; fileEncoding = 4; lastKnownFileType = sourcecode.c.objc; path = "UIColor+AYHooks.m"; sourceTree = "<group>"; };
		45029AF51B4BB41500E4B8AC /* ResultsViewController.h */ = {isa = PBXFileReference; fileEncoding = 4; lastKnownFileType = sourcecode.c.h; path = ResultsViewController.h; sourceTree = "<group>"; };
		45029AF61B4BB41500E4B8AC /* ResultsViewController.m */ = {isa = PBXFileReference; fileEncoding = 4; lastKnownFileType = sourcecode.c.objc; path = ResultsViewController.m; sourceTree = "<group>"; };
		4541419D1B53AD9D00524FA9 /* RecipesTableViewCell.h */ = {isa = PBXFileReference; fileEncoding = 4; lastKnownFileType = sourcecode.c.h; path = RecipesTableViewCell.h; sourceTree = "<group>"; };
		4541419E1B53AD9D00524FA9 /* RecipesTableViewCell.m */ = {isa = PBXFileReference; fileEncoding = 4; lastKnownFileType = sourcecode.c.objc; path = RecipesTableViewCell.m; sourceTree = "<group>"; };
		454141A01B53B6AB00524FA9 /* RecipesTableViewController.h */ = {isa = PBXFileReference; fileEncoding = 4; lastKnownFileType = sourcecode.c.h; path = RecipesTableViewController.h; sourceTree = "<group>"; };
		454141A11B53B6AB00524FA9 /* RecipesTableViewController.m */ = {isa = PBXFileReference; fileEncoding = 4; lastKnownFileType = sourcecode.c.objc; path = RecipesTableViewController.m; sourceTree = "<group>"; };
		457429FE1B611352001DF544 /* DictionaryCard.h */ = {isa = PBXFileReference; fileEncoding = 4; lastKnownFileType = sourcecode.c.h; path = DictionaryCard.h; sourceTree = "<group>"; };
		457429FF1B611352001DF544 /* DictionaryCard.m */ = {isa = PBXFileReference; fileEncoding = 4; lastKnownFileType = sourcecode.c.objc; path = DictionaryCard.m; sourceTree = "<group>"; };
		45AE269E1B5D1D2C00245732 /* DictionaryViewController.h */ = {isa = PBXFileReference; fileEncoding = 4; lastKnownFileType = sourcecode.c.h; path = DictionaryViewController.h; sourceTree = "<group>"; };
		45AE269F1B5D1D2C00245732 /* DictionaryViewController.m */ = {isa = PBXFileReference; fileEncoding = 4; lastKnownFileType = sourcecode.c.objc; path = DictionaryViewController.m; sourceTree = "<group>"; };
		45AE26A11B5E19FB00245732 /* DetailTableViewController.h */ = {isa = PBXFileReference; lastKnownFileType = sourcecode.c.h; path = DetailTableViewController.h; sourceTree = "<group>"; };
		45AE26A21B5E1A0600245732 /* DetailTableViewController.m */ = {isa = PBXFileReference; fileEncoding = 4; lastKnownFileType = sourcecode.c.objc; path = DetailTableViewController.m; sourceTree = "<group>"; };
		45AE26A51B5E4A3700245732 /* QuartzCore.framework */ = {isa = PBXFileReference; lastKnownFileType = wrapper.framework; name = QuartzCore.framework; path = System/Library/Frameworks/QuartzCore.framework; sourceTree = SDKROOT; };
		45BB36F41B414DF80079AF05 /* Kelin.app */ = {isa = PBXFileReference; explicitFileType = wrapper.application; includeInIndex = 0; path = Kelin.app; sourceTree = BUILT_PRODUCTS_DIR; };
		45BB36F81B414DF80079AF05 /* Info.plist */ = {isa = PBXFileReference; lastKnownFileType = text.plist.xml; path = Info.plist; sourceTree = "<group>"; };
		45BB36F91B414DF80079AF05 /* main.m */ = {isa = PBXFileReference; lastKnownFileType = sourcecode.c.objc; path = main.m; sourceTree = "<group>"; };
		45BB36FB1B414DF80079AF05 /* AppDelegate.h */ = {isa = PBXFileReference; lastKnownFileType = sourcecode.c.h; path = AppDelegate.h; sourceTree = "<group>"; };
		45BB36FC1B414DF80079AF05 /* AppDelegate.m */ = {isa = PBXFileReference; lastKnownFileType = sourcecode.c.objc; path = AppDelegate.m; sourceTree = "<group>"; };
		45BB36FE1B414DF80079AF05 /* LogInViewController.h */ = {isa = PBXFileReference; lastKnownFileType = sourcecode.c.h; path = LogInViewController.h; sourceTree = "<group>"; };
		45BB36FF1B414DF80079AF05 /* LogInViewController.m */ = {isa = PBXFileReference; lastKnownFileType = sourcecode.c.objc; path = LogInViewController.m; sourceTree = "<group>"; };
		45BB37021B414DF80079AF05 /* Base */ = {isa = PBXFileReference; lastKnownFileType = file.storyboard; name = Base; path = Base.lproj/Main.storyboard; sourceTree = "<group>"; };
		45BB37071B414DF80079AF05 /* Base */ = {isa = PBXFileReference; lastKnownFileType = file.xib; name = Base; path = Base.lproj/LaunchScreen.xib; sourceTree = "<group>"; };
		45BB370D1B414DF80079AF05 /* KelinTests.xctest */ = {isa = PBXFileReference; explicitFileType = wrapper.cfbundle; includeInIndex = 0; path = KelinTests.xctest; sourceTree = BUILT_PRODUCTS_DIR; };
		45BB37121B414DF80079AF05 /* Info.plist */ = {isa = PBXFileReference; lastKnownFileType = text.plist.xml; path = Info.plist; sourceTree = "<group>"; };
		45BB37131B414DF80079AF05 /* KelinTests.m */ = {isa = PBXFileReference; lastKnownFileType = sourcecode.c.objc; path = KelinTests.m; sourceTree = "<group>"; };
		45BB371D1B4150580079AF05 /* Podfile */ = {isa = PBXFileReference; lastKnownFileType = text; path = Podfile; sourceTree = "<group>"; xcLanguageSpecificationIdentifier = xcode.lang.ruby; };
		45D08C261B4287F700C05A99 /* CategoriesViewController.h */ = {isa = PBXFileReference; lastKnownFileType = sourcecode.c.h; path = CategoriesViewController.h; sourceTree = "<group>"; };
		45D08C271B4287FF00C05A99 /* CategoriesViewController.m */ = {isa = PBXFileReference; fileEncoding = 4; lastKnownFileType = sourcecode.c.objc; path = CategoriesViewController.m; sourceTree = "<group>"; };
		45D08C291B42AE1F00C05A99 /* TestViewController.h */ = {isa = PBXFileReference; fileEncoding = 4; lastKnownFileType = sourcecode.c.h; path = TestViewController.h; sourceTree = "<group>"; };
		45D08C2A1B42AE1F00C05A99 /* TestViewController.m */ = {isa = PBXFileReference; fileEncoding = 4; lastKnownFileType = sourcecode.c.objc; path = TestViewController.m; sourceTree = "<group>"; };
		45DA8CD31B58FFB400C82362 /* Images.xcassets */ = {isa = PBXFileReference; lastKnownFileType = folder.assetcatalog; path = Images.xcassets; sourceTree = "<group>"; };
		45DB13B91B4E9F90008F0344 /* Fabric.framework */ = {isa = PBXFileReference; lastKnownFileType = wrapper.framework; path = Fabric.framework; sourceTree = "<group>"; };
		45DB13BA1B4E9F90008F0344 /* Crashlytics.framework */ = {isa = PBXFileReference; lastKnownFileType = wrapper.framework; path = Crashlytics.framework; sourceTree = "<group>"; };
		45DBB8221B4FB6DE005FE6F5 /* AuthorizationViewController.h */ = {isa = PBXFileReference; fileEncoding = 4; lastKnownFileType = sourcecode.c.h; path = AuthorizationViewController.h; sourceTree = "<group>"; };
		45DBB8231B4FB6DE005FE6F5 /* AuthorizationViewController.m */ = {isa = PBXFileReference; fileEncoding = 4; lastKnownFileType = sourcecode.c.objc; path = AuthorizationViewController.m; sourceTree = "<group>"; };
		45DBB8281B4FBD9E005FE6F5 /* SignUpViewController.h */ = {isa = PBXFileReference; fileEncoding = 4; lastKnownFileType = sourcecode.c.h; path = SignUpViewController.h; sourceTree = "<group>"; };
		45DBB8291B4FBD9E005FE6F5 /* SignUpViewController.m */ = {isa = PBXFileReference; fileEncoding = 4; lastKnownFileType = sourcecode.c.objc; path = SignUpViewController.m; sourceTree = "<group>"; };
		45DD80381B664DD200E7B3C7 /* Question.h */ = {isa = PBXFileReference; fileEncoding = 4; lastKnownFileType = sourcecode.c.h; path = Question.h; sourceTree = "<group>"; };
		45DD80391B664DD200E7B3C7 /* Question.m */ = {isa = PBXFileReference; fileEncoding = 4; lastKnownFileType = sourcecode.c.objc; path = Question.m; sourceTree = "<group>"; };
		45E2E5611B68FF1900950052 /* SendSecretViewController.h */ = {isa = PBXFileReference; fileEncoding = 4; lastKnownFileType = sourcecode.c.h; path = SendSecretViewController.h; sourceTree = "<group>"; };
		45E2E5621B68FF1900950052 /* SendSecretViewController.m */ = {isa = PBXFileReference; fileEncoding = 4; lastKnownFileType = sourcecode.c.objc; path = SendSecretViewController.m; sourceTree = "<group>"; };
		45E2E5641B69E78200950052 /* SecretsViewController.h */ = {isa = PBXFileReference; fileEncoding = 4; lastKnownFileType = sourcecode.c.h; path = SecretsViewController.h; sourceTree = "<group>"; };
		45E2E5651B69E78200950052 /* SecretsViewController.m */ = {isa = PBXFileReference; fileEncoding = 4; lastKnownFileType = sourcecode.c.objc; path = SecretsViewController.m; sourceTree = "<group>"; };
		71A8261AD1B4F37ED32009D2 /* libPods.a */ = {isa = PBXFileReference; explicitFileType = archive.ar; includeInIndex = 0; path = libPods.a; sourceTree = BUILT_PRODUCTS_DIR; };
		77621FD128E407D974262C12 /* Pods.debug.xcconfig */ = {isa = PBXFileReference; includeInIndex = 1; lastKnownFileType = text.xcconfig; name = Pods.debug.xcconfig; path = "Pods/Target Support Files/Pods/Pods.debug.xcconfig"; sourceTree = "<group>"; };
		ED18152D9D0AAD19DC871B94 /* Pods.release.xcconfig */ = {isa = PBXFileReference; includeInIndex = 1; lastKnownFileType = text.xcconfig; name = Pods.release.xcconfig; path = "Pods/Target Support Files/Pods/Pods.release.xcconfig"; sourceTree = "<group>"; };
/* End PBXFileReference section */

/* Begin PBXFrameworksBuildPhase section */
		45BB36F11B414DF80079AF05 /* Frameworks */ = {
			isa = PBXFrameworksBuildPhase;
			buildActionMask = 2147483647;
			files = (
				45AE26A61B5E4A3700245732 /* QuartzCore.framework in Frameworks */,
				1DE0D9BB28890743D4827993 /* libPods.a in Frameworks */,
				45DB13BC1B4E9F90008F0344 /* Crashlytics.framework in Frameworks */,
				45DB13BB1B4E9F90008F0344 /* Fabric.framework in Frameworks */,
			);
			runOnlyForDeploymentPostprocessing = 0;
		};
		45BB370A1B414DF80079AF05 /* Frameworks */ = {
			isa = PBXFrameworksBuildPhase;
			buildActionMask = 2147483647;
			files = (
			);
			runOnlyForDeploymentPostprocessing = 0;
		};
/* End PBXFrameworksBuildPhase section */

/* Begin PBXGroup section */
		20C36B161B8B7FC200D3E3D6 /* Helpers */ = {
			isa = PBXGroup;
			children = (
				20C36B281B8C556000D3E3D6 /* UIImage+AYAdditions.h */,
				20C36B291B8C556000D3E3D6 /* UIImage+AYAdditions.m */,
				20C36B2A1B8C556000D3E3D6 /* UIColor+AYHooks.h */,
				20C36B2B1B8C556000D3E3D6 /* UIColor+AYHooks.m */,
				20C36B271B8BA52800D3E3D6 /* AYMacros.h */,
				20C36B1B1B8B838000D3E3D6 /* UIFont+Sizes.h */,
				20C36B1C1B8B838000D3E3D6 /* UIFont+Sizes.m */,
				20C36B1E1B8B876900D3E3D6 /* UIView+AYUtils.h */,
				20C36B1F1B8B876900D3E3D6 /* UIView+AYUtils.m */,
			);
			name = Helpers;
			sourceTree = "<group>";
		};
		20C36B171B8B807700D3E3D6 /* Controllers */ = {
			isa = PBXGroup;
			children = (
				45BB36FB1B414DF80079AF05 /* AppDelegate.h */,
				45BB36FC1B414DF80079AF05 /* AppDelegate.m */,
				20C36B261B8BA43E00D3E3D6 /* Authorization */,
				45D08C261B4287F700C05A99 /* CategoriesViewController.h */,
				45D08C271B4287FF00C05A99 /* CategoriesViewController.m */,
				4514641A1B6B520000245937 /* Test */,
				4514641B1B6B526900245937 /* Recipes */,
				4514641C1B6B52C600245937 /* Dictionary */,
				451464131B6B43CC00245937 /* Secrets */,
			);
			name = Controllers;
			sourceTree = "<group>";
		};
		20C36B261B8BA43E00D3E3D6 /* Authorization */ = {
			isa = PBXGroup;
			children = (
				45DBB8221B4FB6DE005FE6F5 /* AuthorizationViewController.h */,
				45DBB8231B4FB6DE005FE6F5 /* AuthorizationViewController.m */,
				45BB36FE1B414DF80079AF05 /* LogInViewController.h */,
				45BB36FF1B414DF80079AF05 /* LogInViewController.m */,
				45DBB8281B4FBD9E005FE6F5 /* SignUpViewController.h */,
				45DBB8291B4FBD9E005FE6F5 /* SignUpViewController.m */,
			);
			name = Authorization;
			sourceTree = "<group>";
		};
		451464131B6B43CC00245937 /* Secrets */ = {
			isa = PBXGroup;
			children = (
				45E2E5611B68FF1900950052 /* SendSecretViewController.h */,
				45E2E5621B68FF1900950052 /* SendSecretViewController.m */,
				45E2E5641B69E78200950052 /* SecretsViewController.h */,
				45E2E5651B69E78200950052 /* SecretsViewController.m */,
			);
			path = Secrets;
			sourceTree = "<group>";
		};
		4514641A1B6B520000245937 /* Test */ = {
			isa = PBXGroup;
			children = (
				45DD80381B664DD200E7B3C7 /* Question.h */,
				45DD80391B664DD200E7B3C7 /* Question.m */,
				45D08C291B42AE1F00C05A99 /* TestViewController.h */,
				45D08C2A1B42AE1F00C05A99 /* TestViewController.m */,
				45029AF51B4BB41500E4B8AC /* ResultsViewController.h */,
				45029AF61B4BB41500E4B8AC /* ResultsViewController.m */,
			);
			path = Test;
			sourceTree = "<group>";
		};
		4514641B1B6B526900245937 /* Recipes */ = {
			isa = PBXGroup;
			children = (
				4541419D1B53AD9D00524FA9 /* RecipesTableViewCell.h */,
				4541419E1B53AD9D00524FA9 /* RecipesTableViewCell.m */,
				454141A01B53B6AB00524FA9 /* RecipesTableViewController.h */,
				454141A11B53B6AB00524FA9 /* RecipesTableViewController.m */,
				45AE26A11B5E19FB00245732 /* DetailTableViewController.h */,
				45AE26A21B5E1A0600245732 /* DetailTableViewController.m */,
			);
			path = Recipes;
			sourceTree = "<group>";
		};
		4514641C1B6B52C600245937 /* Dictionary */ = {
			isa = PBXGroup;
			children = (
				45AE269E1B5D1D2C00245732 /* DictionaryViewController.h */,
				45AE269F1B5D1D2C00245732 /* DictionaryViewController.m */,
				457429FE1B611352001DF544 /* DictionaryCard.h */,
				457429FF1B611352001DF544 /* DictionaryCard.m */,
			);
			path = Dictionary;
			sourceTree = "<group>";
		};
		45BB36EB1B414DF80079AF05 = {
			isa = PBXGroup;
			children = (
				45BB371D1B4150580079AF05 /* Podfile */,
				45BB36F61B414DF80079AF05 /* Kelin */,
				45BB37101B414DF80079AF05 /* KelinTests */,
				45BB36F51B414DF80079AF05 /* Products */,
				5E5E1B1ACBA99E29A8BDC2EF /* Pods */,
				D3959682869C9343185C3187 /* Frameworks */,
			);
			sourceTree = "<group>";
		};
		45BB36F51B414DF80079AF05 /* Products */ = {
			isa = PBXGroup;
			children = (
				45BB36F41B414DF80079AF05 /* Kelin.app */,
				45BB370D1B414DF80079AF05 /* KelinTests.xctest */,
			);
			name = Products;
			sourceTree = "<group>";
		};
		45BB36F61B414DF80079AF05 /* Kelin */ = {
			isa = PBXGroup;
			children = (
				20C36B171B8B807700D3E3D6 /* Controllers */,
				20C36B161B8B7FC200D3E3D6 /* Helpers */,
				45BB37011B414DF80079AF05 /* Main.storyboard */,
				45DA8CD31B58FFB400C82362 /* Images.xcassets */,
				45BB37061B414DF80079AF05 /* LaunchScreen.xib */,
				45BB36F71B414DF80079AF05 /* Supporting Files */,
			);
			path = Kelin;
			sourceTree = "<group>";
		};
		45BB36F71B414DF80079AF05 /* Supporting Files */ = {
			isa = PBXGroup;
			children = (
				45BB36F81B414DF80079AF05 /* Info.plist */,
				45BB36F91B414DF80079AF05 /* main.m */,
			);
			path = "Supporting Files";
			sourceTree = "<group>";
		};
		45BB37101B414DF80079AF05 /* KelinTests */ = {
			isa = PBXGroup;
			children = (
				45BB37131B414DF80079AF05 /* KelinTests.m */,
				45BB37111B414DF80079AF05 /* Supporting Files */,
			);
			path = KelinTests;
			sourceTree = "<group>";
		};
		45BB37111B414DF80079AF05 /* Supporting Files */ = {
			isa = PBXGroup;
			children = (
				45BB37121B414DF80079AF05 /* Info.plist */,
			);
			path = "Supporting Files";
			sourceTree = "<group>";
		};
		5E5E1B1ACBA99E29A8BDC2EF /* Pods */ = {
			isa = PBXGroup;
			children = (
				77621FD128E407D974262C12 /* Pods.debug.xcconfig */,
				ED18152D9D0AAD19DC871B94 /* Pods.release.xcconfig */,
			);
			name = Pods;
			sourceTree = "<group>";
		};
		D3959682869C9343185C3187 /* Frameworks */ = {
			isa = PBXGroup;
			children = (
				45AE26A51B5E4A3700245732 /* QuartzCore.framework */,
				45DB13B91B4E9F90008F0344 /* Fabric.framework */,
				45DB13BA1B4E9F90008F0344 /* Crashlytics.framework */,
				71A8261AD1B4F37ED32009D2 /* libPods.a */,
			);
			name = Frameworks;
			sourceTree = "<group>";
		};
/* End PBXGroup section */

/* Begin PBXNativeTarget section */
		45BB36F31B414DF80079AF05 /* Kelin */ = {
			isa = PBXNativeTarget;
			buildConfigurationList = 45BB37171B414DF80079AF05 /* Build configuration list for PBXNativeTarget "Kelin" */;
			buildPhases = (
				CBD6A2F3393E87154D4E5D58 /* Check Pods Manifest.lock */,
				45BB36F01B414DF80079AF05 /* Sources */,
				45BB36F11B414DF80079AF05 /* Frameworks */,
				45BB36F21B414DF80079AF05 /* Resources */,
				490BA7F74DBCE3FAF5C30F6D /* Copy Pods Resources */,
				45DB13B81B4E9EDE008F0344 /* ShellScript */,
			);
			buildRules = (
			);
			dependencies = (
			);
			name = Kelin;
			productName = Kelin;
			productReference = 45BB36F41B414DF80079AF05 /* Kelin.app */;
			productType = "com.apple.product-type.application";
		};
		45BB370C1B414DF80079AF05 /* KelinTests */ = {
			isa = PBXNativeTarget;
			buildConfigurationList = 45BB371A1B414DF80079AF05 /* Build configuration list for PBXNativeTarget "KelinTests" */;
			buildPhases = (
				45BB37091B414DF80079AF05 /* Sources */,
				45BB370A1B414DF80079AF05 /* Frameworks */,
				45BB370B1B414DF80079AF05 /* Resources */,
			);
			buildRules = (
			);
			dependencies = (
				45BB370F1B414DF80079AF05 /* PBXTargetDependency */,
			);
			name = KelinTests;
			productName = KelinTests;
			productReference = 45BB370D1B414DF80079AF05 /* KelinTests.xctest */;
			productType = "com.apple.product-type.bundle.unit-test";
		};
/* End PBXNativeTarget section */

/* Begin PBXProject section */
		45BB36EC1B414DF80079AF05 /* Project object */ = {
			isa = PBXProject;
			attributes = {
				LastUpgradeCheck = 0630;
				ORGANIZATIONNAME = "Didara Pernebayeva";
				TargetAttributes = {
					45BB36F31B414DF80079AF05 = {
						CreatedOnToolsVersion = 6.3.2;
						DevelopmentTeam = X5764AN68D;
					};
					45BB370C1B414DF80079AF05 = {
						CreatedOnToolsVersion = 6.3.2;
						TestTargetID = 45BB36F31B414DF80079AF05;
					};
				};
			};
			buildConfigurationList = 45BB36EF1B414DF80079AF05 /* Build configuration list for PBXProject "Kelin" */;
			compatibilityVersion = "Xcode 3.2";
			developmentRegion = English;
			hasScannedForEncodings = 0;
			knownRegions = (
				en,
				Base,
			);
			mainGroup = 45BB36EB1B414DF80079AF05;
			productRefGroup = 45BB36F51B414DF80079AF05 /* Products */;
			projectDirPath = "";
			projectRoot = "";
			targets = (
				45BB36F31B414DF80079AF05 /* Kelin */,
				45BB370C1B414DF80079AF05 /* KelinTests */,
			);
		};
/* End PBXProject section */

/* Begin PBXResourcesBuildPhase section */
		45BB36F21B414DF80079AF05 /* Resources */ = {
			isa = PBXResourcesBuildPhase;
			buildActionMask = 2147483647;
			files = (
				45BB37031B414DF80079AF05 /* Main.storyboard in Resources */,
				45DA8CD41B58FFB400C82362 /* Images.xcassets in Resources */,
				45BB37081B414DF80079AF05 /* LaunchScreen.xib in Resources */,
			);
			runOnlyForDeploymentPostprocessing = 0;
		};
		45BB370B1B414DF80079AF05 /* Resources */ = {
			isa = PBXResourcesBuildPhase;
			buildActionMask = 2147483647;
			files = (
			);
			runOnlyForDeploymentPostprocessing = 0;
		};
/* End PBXResourcesBuildPhase section */

/* Begin PBXShellScriptBuildPhase section */
		45DB13B81B4E9EDE008F0344 /* ShellScript */ = {
			isa = PBXShellScriptBuildPhase;
			buildActionMask = 2147483647;
			files = (
			);
			inputPaths = (
			);
			outputPaths = (
			);
			runOnlyForDeploymentPostprocessing = 0;
			shellPath = /bin/sh;
			shellScript = "./Fabric.framework/run 2eef89b102e417907f7eb509aaf6d204c7f264ff 1309d446ea0651fa36e3421997cac0a2a8c583e82cc15b687581dc6a4ffff41f";
		};
		490BA7F74DBCE3FAF5C30F6D /* Copy Pods Resources */ = {
			isa = PBXShellScriptBuildPhase;
			buildActionMask = 2147483647;
			files = (
			);
			inputPaths = (
			);
			name = "Copy Pods Resources";
			outputPaths = (
			);
			runOnlyForDeploymentPostprocessing = 0;
			shellPath = /bin/sh;
			shellScript = "\"${SRCROOT}/Pods/Target Support Files/Pods/Pods-resources.sh\"\n";
			showEnvVarsInLog = 0;
		};
		CBD6A2F3393E87154D4E5D58 /* Check Pods Manifest.lock */ = {
			isa = PBXShellScriptBuildPhase;
			buildActionMask = 2147483647;
			files = (
			);
			inputPaths = (
			);
			name = "Check Pods Manifest.lock";
			outputPaths = (
			);
			runOnlyForDeploymentPostprocessing = 0;
			shellPath = /bin/sh;
			shellScript = "diff \"${PODS_ROOT}/../Podfile.lock\" \"${PODS_ROOT}/Manifest.lock\" > /dev/null\nif [[ $? != 0 ]] ; then\n    cat << EOM\nerror: The sandbox is not in sync with the Podfile.lock. Run 'pod install' or update your CocoaPods installation.\nEOM\n    exit 1\nfi\n";
			showEnvVarsInLog = 0;
		};
/* End PBXShellScriptBuildPhase section */

/* Begin PBXSourcesBuildPhase section */
		45BB36F01B414DF80079AF05 /* Sources */ = {
			isa = PBXSourcesBuildPhase;
			buildActionMask = 2147483647;
			files = (
				20C36B201B8B876900D3E3D6 /* UIView+AYUtils.m in Sources */,
				45D08C281B4287FF00C05A99 /* CategoriesViewController.m in Sources */,
				45AE26A31B5E1A0600245732 /* DetailTableViewController.m in Sources */,
				45AE26A01B5D1D2C00245732 /* DictionaryViewController.m in Sources */,
				45BB37001B414DF80079AF05 /* LogInViewController.m in Sources */,
				4541419F1B53AD9D00524FA9 /* RecipesTableViewCell.m in Sources */,
				45DBB8241B4FB6DE005FE6F5 /* AuthorizationViewController.m in Sources */,
				45DBB82A1B4FBD9E005FE6F5 /* SignUpViewController.m in Sources */,
				45BB36FD1B414DF80079AF05 /* AppDelegate.m in Sources */,
				20C36B1D1B8B838000D3E3D6 /* UIFont+Sizes.m in Sources */,
				454141A21B53B6AB00524FA9 /* RecipesTableViewController.m in Sources */,
				45E2E5631B68FF1900950052 /* SendSecretViewController.m in Sources */,
				20C36B2D1B8C556000D3E3D6 /* UIColor+AYHooks.m in Sources */,
				20C36B2C1B8C556000D3E3D6 /* UIImage+AYAdditions.m in Sources */,
				45029AF71B4BB41500E4B8AC /* ResultsViewController.m in Sources */,
				45742A001B611352001DF544 /* DictionaryCard.m in Sources */,
				45DD803A1B664DD200E7B3C7 /* Question.m in Sources */,
				45BB36FA1B414DF80079AF05 /* main.m in Sources */,
				45E2E5661B69E78200950052 /* SecretsViewController.m in Sources */,
				45D08C2B1B42AE1F00C05A99 /* TestViewController.m in Sources */,
			);
			runOnlyForDeploymentPostprocessing = 0;
		};
		45BB37091B414DF80079AF05 /* Sources */ = {
			isa = PBXSourcesBuildPhase;
			buildActionMask = 2147483647;
			files = (
				45BB37141B414DF80079AF05 /* KelinTests.m in Sources */,
			);
			runOnlyForDeploymentPostprocessing = 0;
		};
/* End PBXSourcesBuildPhase section */

/* Begin PBXTargetDependency section */
		45BB370F1B414DF80079AF05 /* PBXTargetDependency */ = {
			isa = PBXTargetDependency;
			target = 45BB36F31B414DF80079AF05 /* Kelin */;
			targetProxy = 45BB370E1B414DF80079AF05 /* PBXContainerItemProxy */;
		};
/* End PBXTargetDependency section */

/* Begin PBXVariantGroup section */
		45BB37011B414DF80079AF05 /* Main.storyboard */ = {
			isa = PBXVariantGroup;
			children = (
				45BB37021B414DF80079AF05 /* Base */,
			);
			name = Main.storyboard;
			path = .;
			sourceTree = "<group>";
		};
		45BB37061B414DF80079AF05 /* LaunchScreen.xib */ = {
			isa = PBXVariantGroup;
			children = (
				45BB37071B414DF80079AF05 /* Base */,
			);
			name = LaunchScreen.xib;
			path = .;
			sourceTree = "<group>";
		};
/* End PBXVariantGroup section */

/* Begin XCBuildConfiguration section */
		45BB37151B414DF80079AF05 /* Debug */ = {
			isa = XCBuildConfiguration;
			buildSettings = {
				ALWAYS_SEARCH_USER_PATHS = NO;
				CLANG_CXX_LANGUAGE_STANDARD = "gnu++0x";
				CLANG_CXX_LIBRARY = "libc++";
				CLANG_ENABLE_MODULES = YES;
				CLANG_ENABLE_OBJC_ARC = YES;
				CLANG_WARN_BOOL_CONVERSION = YES;
				CLANG_WARN_CONSTANT_CONVERSION = YES;
				CLANG_WARN_DIRECT_OBJC_ISA_USAGE = YES_ERROR;
				CLANG_WARN_EMPTY_BODY = YES;
				CLANG_WARN_ENUM_CONVERSION = YES;
				CLANG_WARN_INT_CONVERSION = YES;
				CLANG_WARN_OBJC_ROOT_CLASS = YES_ERROR;
				CLANG_WARN_UNREACHABLE_CODE = YES;
				CLANG_WARN__DUPLICATE_METHOD_MATCH = YES;
				"CODE_SIGN_IDENTITY[sdk=iphoneos*]" = "iPhone Developer";
				COPY_PHASE_STRIP = NO;
				DEBUG_INFORMATION_FORMAT = "dwarf-with-dsym";
				ENABLE_STRICT_OBJC_MSGSEND = YES;
				GCC_C_LANGUAGE_STANDARD = gnu99;
				GCC_DYNAMIC_NO_PIC = NO;
				GCC_NO_COMMON_BLOCKS = YES;
				GCC_OPTIMIZATION_LEVEL = 0;
				GCC_PREPROCESSOR_DEFINITIONS = (
					"DEBUG=1",
					"$(inherited)",
				);
				GCC_SYMBOLS_PRIVATE_EXTERN = NO;
				GCC_WARN_64_TO_32_BIT_CONVERSION = YES;
				GCC_WARN_ABOUT_RETURN_TYPE = YES_ERROR;
				GCC_WARN_UNDECLARED_SELECTOR = YES;
				GCC_WARN_UNINITIALIZED_AUTOS = YES_AGGRESSIVE;
				GCC_WARN_UNUSED_FUNCTION = YES;
				GCC_WARN_UNUSED_VARIABLE = YES;
				IPHONEOS_DEPLOYMENT_TARGET = 8.3;
				MTL_ENABLE_DEBUG_INFO = YES;
				ONLY_ACTIVE_ARCH = YES;
				SDKROOT = iphoneos;
			};
			name = Debug;
		};
		45BB37161B414DF80079AF05 /* Release */ = {
			isa = XCBuildConfiguration;
			buildSettings = {
				ALWAYS_SEARCH_USER_PATHS = NO;
				CLANG_CXX_LANGUAGE_STANDARD = "gnu++0x";
				CLANG_CXX_LIBRARY = "libc++";
				CLANG_ENABLE_MODULES = YES;
				CLANG_ENABLE_OBJC_ARC = YES;
				CLANG_WARN_BOOL_CONVERSION = YES;
				CLANG_WARN_CONSTANT_CONVERSION = YES;
				CLANG_WARN_DIRECT_OBJC_ISA_USAGE = YES_ERROR;
				CLANG_WARN_EMPTY_BODY = YES;
				CLANG_WARN_ENUM_CONVERSION = YES;
				CLANG_WARN_INT_CONVERSION = YES;
				CLANG_WARN_OBJC_ROOT_CLASS = YES_ERROR;
				CLANG_WARN_UNREACHABLE_CODE = YES;
				CLANG_WARN__DUPLICATE_METHOD_MATCH = YES;
				"CODE_SIGN_IDENTITY[sdk=iphoneos*]" = "iPhone Developer";
				COPY_PHASE_STRIP = NO;
				DEBUG_INFORMATION_FORMAT = "dwarf-with-dsym";
				ENABLE_NS_ASSERTIONS = NO;
				ENABLE_STRICT_OBJC_MSGSEND = YES;
				GCC_C_LANGUAGE_STANDARD = gnu99;
				GCC_NO_COMMON_BLOCKS = YES;
				GCC_WARN_64_TO_32_BIT_CONVERSION = YES;
				GCC_WARN_ABOUT_RETURN_TYPE = YES_ERROR;
				GCC_WARN_UNDECLARED_SELECTOR = YES;
				GCC_WARN_UNINITIALIZED_AUTOS = YES_AGGRESSIVE;
				GCC_WARN_UNUSED_FUNCTION = YES;
				GCC_WARN_UNUSED_VARIABLE = YES;
				IPHONEOS_DEPLOYMENT_TARGET = 8.3;
				MTL_ENABLE_DEBUG_INFO = NO;
				SDKROOT = iphoneos;
				VALIDATE_PRODUCT = YES;
			};
			name = Release;
		};
		45BB37181B414DF80079AF05 /* Debug */ = {
			isa = XCBuildConfiguration;
			baseConfigurationReference = 77621FD128E407D974262C12 /* Pods.debug.xcconfig */;
			buildSettings = {
				ASSETCATALOG_COMPILER_APPICON_NAME = AppIcon;
				CODE_SIGN_IDENTITY = "iPhone Developer";
				"CODE_SIGN_IDENTITY[sdk=iphoneos*]" = "iPhone Distribution: Zero to One Labs LLC (P993BJWE94)";
				FRAMEWORK_SEARCH_PATHS = (
					"$(inherited)",
					"$(PROJECT_DIR)",
				);
				INFOPLIST_FILE = "$(SRCROOT)/Kelin/Supporting Files/Info.plist";
				LD_RUNPATH_SEARCH_PATHS = "$(inherited) @executable_path/Frameworks";
				PRODUCT_NAME = Kelin;
				PROVISIONING_PROFILE = "63f8e58e-cbef-4090-a668-9e862b177978";
				TARGETED_DEVICE_FAMILY = 1;
			};
			name = Debug;
		};
		45BB37191B414DF80079AF05 /* Release */ = {
			isa = XCBuildConfiguration;
			baseConfigurationReference = ED18152D9D0AAD19DC871B94 /* Pods.release.xcconfig */;
			buildSettings = {
				ASSETCATALOG_COMPILER_APPICON_NAME = AppIcon;
				CODE_SIGN_IDENTITY = "iPhone Developer";
				"CODE_SIGN_IDENTITY[sdk=*]" = "iPhone Distribution: Zero to One Labs LLC (P993BJWE94)";
				"CODE_SIGN_IDENTITY[sdk=iphoneos*]" = "iPhone Distribution: Zero to One Labs LLC (P993BJWE94)";
				FRAMEWORK_SEARCH_PATHS = (
					"$(inherited)",
					"$(PROJECT_DIR)",
				);
				INFOPLIST_FILE = "$(SRCROOT)/Kelin/Supporting Files/Info.plist";
				LD_RUNPATH_SEARCH_PATHS = "$(inherited) @executable_path/Frameworks";
				PRODUCT_NAME = Kelin;
				PROVISIONING_PROFILE = "63f8e58e-cbef-4090-a668-9e862b177978";
				TARGETED_DEVICE_FAMILY = 1;
			};
			name = Release;
		};
		45BB371B1B414DF80079AF05 /* Debug */ = {
			isa = XCBuildConfiguration;
			buildSettings = {
				BUNDLE_LOADER = "$(TEST_HOST)";
				FRAMEWORK_SEARCH_PATHS = (
					"$(SDKROOT)/Developer/Library/Frameworks",
					"$(inherited)",
				);
				GCC_PREPROCESSOR_DEFINITIONS = (
					"DEBUG=1",
					"$(inherited)",
				);
				INFOPLIST_FILE = "KelinTests/Supporting Files/Info.plist";
				LD_RUNPATH_SEARCH_PATHS = "$(inherited) @executable_path/Frameworks @loader_path/Frameworks";
				PRODUCT_NAME = KelinTests;
				TEST_HOST = "$(BUILT_PRODUCTS_DIR)/Kelin.app/Kelin";
			};
			name = Debug;
		};
		45BB371C1B414DF80079AF05 /* Release */ = {
			isa = XCBuildConfiguration;
			buildSettings = {
				BUNDLE_LOADER = "$(TEST_HOST)";
				FRAMEWORK_SEARCH_PATHS = (
					"$(SDKROOT)/Developer/Library/Frameworks",
					"$(inherited)",
				);
				INFOPLIST_FILE = "KelinTests/Supporting Files/Info.plist";
				LD_RUNPATH_SEARCH_PATHS = "$(inherited) @executable_path/Frameworks @loader_path/Frameworks";
				PRODUCT_NAME = KelinTests;
				TEST_HOST = "$(BUILT_PRODUCTS_DIR)/Kelin.app/Kelin";
			};
			name = Release;
		};
/* End XCBuildConfiguration section */

/* Begin XCConfigurationList section */
		45BB36EF1B414DF80079AF05 /* Build configuration list for PBXProject "Kelin" */ = {
			isa = XCConfigurationList;
			buildConfigurations = (
				45BB37151B414DF80079AF05 /* Debug */,
				45BB37161B414DF80079AF05 /* Release */,
			);
			defaultConfigurationIsVisible = 0;
			defaultConfigurationName = Release;
		};
		45BB37171B414DF80079AF05 /* Build configuration list for PBXNativeTarget "Kelin" */ = {
			isa = XCConfigurationList;
			buildConfigurations = (
				45BB37181B414DF80079AF05 /* Debug */,
				45BB37191B414DF80079AF05 /* Release */,
			);
			defaultConfigurationIsVisible = 0;
			defaultConfigurationName = Release;
		};
		45BB371A1B414DF80079AF05 /* Build configuration list for PBXNativeTarget "KelinTests" */ = {
			isa = XCConfigurationList;
			buildConfigurations = (
				45BB371B1B414DF80079AF05 /* Debug */,
				45BB371C1B414DF80079AF05 /* Release */,
			);
			defaultConfigurationIsVisible = 0;
			defaultConfigurationName = Release;
		};
/* End XCConfigurationList section */
	};
	rootObject = 45BB36EC1B414DF80079AF05 /* Project object */;
}
