// !$*UTF8*$!
{
	archiveVersion = 1;
	classes = {
	};
	objectVersion = 46;
	objects = {

/* Begin PBXBuildFile section */
		1DE0D9BB28890743D4827993 /* libPods.a in Frameworks */ = {isa = PBXBuildFile; fileRef = 71A8261AD1B4F37ED32009D2 /* libPods.a */; };
		45029AF71B4BB41500E4B8AC /* ResultsViewController.m in Sources */ = {isa = PBXBuildFile; fileRef = 45029AF61B4BB41500E4B8AC /* ResultsViewController.m */; };
		451464161B6B43F000245937 /* SecretPostTableViewCell.m in Sources */ = {isa = PBXBuildFile; fileRef = 451464151B6B43F000245937 /* SecretPostTableViewCell.m */; };
		4541419F1B53AD9D00524FA9 /* TableCell.m in Sources */ = {isa = PBXBuildFile; fileRef = 4541419E1B53AD9D00524FA9 /* TableCell.m */; };
		454141A21B53B6AB00524FA9 /* TableViewController.m in Sources */ = {isa = PBXBuildFile; fileRef = 454141A11B53B6AB00524FA9 /* TableViewController.m */; };
		454141A41B53C0AF00524FA9 /* beshbarmak.jpg in Resources */ = {isa = PBXBuildFile; fileRef = 454141A31B53C0AF00524FA9 /* beshbarmak.jpg */; };
		454141A61B53C0BD00524FA9 /* samsa.jpg in Resources */ = {isa = PBXBuildFile; fileRef = 454141A51B53C0BD00524FA9 /* samsa.jpg */; };
		454141AF1B54B91D00524FA9 /* SecondTableCell.m in Sources */ = {isa = PBXBuildFile; fileRef = 454141AE1B54B91D00524FA9 /* SecondTableCell.m */; };
		457429EC1B60A56B001DF544 /* sign-in copy 3.png in Resources */ = {isa = PBXBuildFile; fileRef = 457429EB1B60A56B001DF544 /* sign-in copy 3.png */; };
		457429EE1B60A592001DF544 /* sign-in copy 3@3x.png in Resources */ = {isa = PBXBuildFile; fileRef = 457429ED1B60A592001DF544 /* sign-in copy 3@3x.png */; };
		457429F31B60EB99001DF544 /* instagram@2x.png in Resources */ = {isa = PBXBuildFile; fileRef = 457429F21B60EB99001DF544 /* instagram@2x.png */; };
		45742A001B611352001DF544 /* DictionaryCard.m in Sources */ = {isa = PBXBuildFile; fileRef = 457429FF1B611352001DF544 /* DictionaryCard.m */; };
		45742A021B61E754001DF544 /* menu-dictionary.png in Resources */ = {isa = PBXBuildFile; fileRef = 45742A011B61E754001DF544 /* menu-dictionary.png */; };
		45742A041B61E75F001DF544 /* menu-food.png in Resources */ = {isa = PBXBuildFile; fileRef = 45742A031B61E75F001DF544 /* menu-food.png */; };
		45742A061B61E768001DF544 /* menu-test.png in Resources */ = {isa = PBXBuildFile; fileRef = 45742A051B61E768001DF544 /* menu-test.png */; };
		45742A081B61E776001DF544 /* menu-secrets.png in Resources */ = {isa = PBXBuildFile; fileRef = 45742A071B61E776001DF544 /* menu-secrets.png */; };
		4592A31F1B43C7A500D19FF8 /* Group Copy@2x.png in Resources */ = {isa = PBXBuildFile; fileRef = 4592A31D1B43C7A500D19FF8 /* Group Copy@2x.png */; };
		4592A3201B43C7A500D19FF8 /* Group Copy@3x.png in Resources */ = {isa = PBXBuildFile; fileRef = 4592A31E1B43C7A500D19FF8 /* Group Copy@3x.png */; };
		4592A3221B43C7A900D19FF8 /* Group Copy.png in Resources */ = {isa = PBXBuildFile; fileRef = 4592A3211B43C7A900D19FF8 /* Group Copy.png */; };
		45AE269D1B5CFB8F00245732 /* Oval 21@2x.png in Resources */ = {isa = PBXBuildFile; fileRef = 45AE269C1B5CFB8F00245732 /* Oval 21@2x.png */; };
		45AE26A01B5D1D2C00245732 /* DictionaryViewController.m in Sources */ = {isa = PBXBuildFile; fileRef = 45AE269F1B5D1D2C00245732 /* DictionaryViewController.m */; };
		45AE26A31B5E1A0600245732 /* DetailTableViewController.m in Sources */ = {isa = PBXBuildFile; fileRef = 45AE26A21B5E1A0600245732 /* DetailTableViewController.m */; };
		45AE26A61B5E4A3700245732 /* QuartzCore.framework in Frameworks */ = {isa = PBXBuildFile; fileRef = 45AE26A51B5E4A3700245732 /* QuartzCore.framework */; };
		45BB36FA1B414DF80079AF05 /* main.m in Sources */ = {isa = PBXBuildFile; fileRef = 45BB36F91B414DF80079AF05 /* main.m */; };
		45BB36FD1B414DF80079AF05 /* AppDelegate.m in Sources */ = {isa = PBXBuildFile; fileRef = 45BB36FC1B414DF80079AF05 /* AppDelegate.m */; };
		45BB37001B414DF80079AF05 /* ViewController.m in Sources */ = {isa = PBXBuildFile; fileRef = 45BB36FF1B414DF80079AF05 /* ViewController.m */; };
		45BB37031B414DF80079AF05 /* Main.storyboard in Resources */ = {isa = PBXBuildFile; fileRef = 45BB37011B414DF80079AF05 /* Main.storyboard */; };
		45BB37081B414DF80079AF05 /* LaunchScreen.xib in Resources */ = {isa = PBXBuildFile; fileRef = 45BB37061B414DF80079AF05 /* LaunchScreen.xib */; };
		45BB37141B414DF80079AF05 /* KelinTests.m in Sources */ = {isa = PBXBuildFile; fileRef = 45BB37131B414DF80079AF05 /* KelinTests.m */; };
		45CFA4C21B382D8D00914C49 /* voiti.png in Resources */ = {isa = PBXBuildFile; fileRef = 45CFA4C11B382D8D00914C49 /* voiti.png */; };
		45D08C281B4287FF00C05A99 /* CategoryViewController.m in Sources */ = {isa = PBXBuildFile; fileRef = 45D08C271B4287FF00C05A99 /* CategoryViewController.m */; };
		45D08C2B1B42AE1F00C05A99 /* TestViewController.m in Sources */ = {isa = PBXBuildFile; fileRef = 45D08C2A1B42AE1F00C05A99 /* TestViewController.m */; };
		45DA8CD41B58FFB400C82362 /* Images.xcassets in Resources */ = {isa = PBXBuildFile; fileRef = 45DA8CD31B58FFB400C82362 /* Images.xcassets */; };
		45DA8CD81B5908CC00C82362 /* cook@2x.png in Resources */ = {isa = PBXBuildFile; fileRef = 45DA8CD71B5908CC00C82362 /* cook@2x.png */; };
		45DB13BB1B4E9F90008F0344 /* Fabric.framework in Frameworks */ = {isa = PBXBuildFile; fileRef = 45DB13B91B4E9F90008F0344 /* Fabric.framework */; };
		45DB13BC1B4E9F90008F0344 /* Crashlytics.framework in Frameworks */ = {isa = PBXBuildFile; fileRef = 45DB13BA1B4E9F90008F0344 /* Crashlytics.framework */; };
		45DBB81D1B4FB47C005FE6F5 /* sign-in copy 2@3x.png in Resources */ = {isa = PBXBuildFile; fileRef = 45DBB81C1B4FB47C005FE6F5 /* sign-in copy 2@3x.png */; };
		45DBB81F1B4FB562005FE6F5 /* 1st.png in Resources */ = {isa = PBXBuildFile; fileRef = 45DBB81E1B4FB562005FE6F5 /* 1st.png */; };
		45DBB8241B4FB6DE005FE6F5 /* BeginningViewController.m in Sources */ = {isa = PBXBuildFile; fileRef = 45DBB8231B4FB6DE005FE6F5 /* BeginningViewController.m */; };
		45DBB82A1B4FBD9E005FE6F5 /* RegisterViewController.m in Sources */ = {isa = PBXBuildFile; fileRef = 45DBB8291B4FBD9E005FE6F5 /* RegisterViewController.m */; };
		45DBB82C1B4FCBD8005FE6F5 /* 2nd.png in Resources */ = {isa = PBXBuildFile; fileRef = 45DBB82B1B4FCBD8005FE6F5 /* 2nd.png */; };
		45DBB82E1B4FDA10005FE6F5 /* Dictionary@3x.png in Resources */ = {isa = PBXBuildFile; fileRef = 45DBB82D1B4FDA10005FE6F5 /* Dictionary@3x.png */; };
		45DBB8301B4FDA17005FE6F5 /* Food@3x.png in Resources */ = {isa = PBXBuildFile; fileRef = 45DBB82F1B4FDA17005FE6F5 /* Food@3x.png */; };
		45DBB8321B4FDA21005FE6F5 /* Secrets@3x.png in Resources */ = {isa = PBXBuildFile; fileRef = 45DBB8311B4FDA21005FE6F5 /* Secrets@3x.png */; };
		45DBB8341B4FDA27005FE6F5 /* Test@3x.png in Resources */ = {isa = PBXBuildFile; fileRef = 45DBB8331B4FDA27005FE6F5 /* Test@3x.png */; };
		45DBB83A1B4FE97B005FE6F5 /* Oval 21@3x.png in Resources */ = {isa = PBXBuildFile; fileRef = 45DBB8391B4FE97B005FE6F5 /* Oval 21@3x.png */; };
		45DD803A1B664DD200E7B3C7 /* Question.m in Sources */ = {isa = PBXBuildFile; fileRef = 45DD80391B664DD200E7B3C7 /* Question.m */; };
		45E2E55A1B68F5B000950052 /* Edit Button@2x.png in Resources */ = {isa = PBXBuildFile; fileRef = 45E2E5591B68F5B000950052 /* Edit Button@2x.png */; };
		45E2E55C1B68F6BB00950052 /* Arrow@2x.png in Resources */ = {isa = PBXBuildFile; fileRef = 45E2E55B1B68F6BB00950052 /* Arrow@2x.png */; };
		45E2E5601B68F9DE00950052 /* done.png in Resources */ = {isa = PBXBuildFile; fileRef = 45E2E55F1B68F9DE00950052 /* done.png */; };
		45E2E5631B68FF1900950052 /* SecretsViewController.m in Sources */ = {isa = PBXBuildFile; fileRef = 45E2E5621B68FF1900950052 /* SecretsViewController.m */; };
		45E2E5661B69E78200950052 /* SecretsTableViewController.m in Sources */ = {isa = PBXBuildFile; fileRef = 45E2E5651B69E78200950052 /* SecretsTableViewController.m */; };
		45E2E56E1B6A208800950052 /* like.png in Resources */ = {isa = PBXBuildFile; fileRef = 45E2E56D1B6A208800950052 /* like.png */; };
		45E46D1B1B3FE78E00299BC4 /* Back.png in Resources */ = {isa = PBXBuildFile; fileRef = 45E46D1A1B3FE78E00299BC4 /* Back.png */; };
/* End PBXBuildFile section */

/* Begin PBXContainerItemProxy section */
		45BB370E1B414DF80079AF05 /* PBXContainerItemProxy */ = {
			isa = PBXContainerItemProxy;
			containerPortal = 45BB36EC1B414DF80079AF05 /* Project object */;
			proxyType = 1;
			remoteGlobalIDString = 45BB36F31B414DF80079AF05;
			remoteInfo = K;
		};
/* End PBXContainerItemProxy section */

/* Begin PBXFileReference section */
		45029AF51B4BB41500E4B8AC /* ResultsViewController.h */ = {isa = PBXFileReference; fileEncoding = 4; lastKnownFileType = sourcecode.c.h; path = ResultsViewController.h; sourceTree = "<group>"; };
		45029AF61B4BB41500E4B8AC /* ResultsViewController.m */ = {isa = PBXFileReference; fileEncoding = 4; lastKnownFileType = sourcecode.c.objc; path = ResultsViewController.m; sourceTree = "<group>"; };
		451464141B6B43F000245937 /* SecretPostTableViewCell.h */ = {isa = PBXFileReference; fileEncoding = 4; lastKnownFileType = sourcecode.c.h; path = SecretPostTableViewCell.h; sourceTree = "<group>"; };
		451464151B6B43F000245937 /* SecretPostTableViewCell.m */ = {isa = PBXFileReference; fileEncoding = 4; lastKnownFileType = sourcecode.c.objc; path = SecretPostTableViewCell.m; sourceTree = "<group>"; };
		4541419D1B53AD9D00524FA9 /* TableCell.h */ = {isa = PBXFileReference; fileEncoding = 4; lastKnownFileType = sourcecode.c.h; path = TableCell.h; sourceTree = "<group>"; };
		4541419E1B53AD9D00524FA9 /* TableCell.m */ = {isa = PBXFileReference; fileEncoding = 4; lastKnownFileType = sourcecode.c.objc; path = TableCell.m; sourceTree = "<group>"; };
		454141A01B53B6AB00524FA9 /* TableViewController.h */ = {isa = PBXFileReference; fileEncoding = 4; lastKnownFileType = sourcecode.c.h; path = TableViewController.h; sourceTree = "<group>"; };
		454141A11B53B6AB00524FA9 /* TableViewController.m */ = {isa = PBXFileReference; fileEncoding = 4; lastKnownFileType = sourcecode.c.objc; path = TableViewController.m; sourceTree = "<group>"; };
		454141A31B53C0AF00524FA9 /* beshbarmak.jpg */ = {isa = PBXFileReference; lastKnownFileType = image.jpeg; path = beshbarmak.jpg; sourceTree = "<group>"; };
		454141A51B53C0BD00524FA9 /* samsa.jpg */ = {isa = PBXFileReference; lastKnownFileType = image.jpeg; path = samsa.jpg; sourceTree = "<group>"; };
		454141AD1B54B91D00524FA9 /* SecondTableCell.h */ = {isa = PBXFileReference; fileEncoding = 4; lastKnownFileType = sourcecode.c.h; path = SecondTableCell.h; sourceTree = "<group>"; };
		454141AE1B54B91D00524FA9 /* SecondTableCell.m */ = {isa = PBXFileReference; fileEncoding = 4; lastKnownFileType = sourcecode.c.objc; path = SecondTableCell.m; sourceTree = "<group>"; };
		457429EB1B60A56B001DF544 /* sign-in copy 3.png */ = {isa = PBXFileReference; lastKnownFileType = image.png; path = "sign-in copy 3.png"; sourceTree = "<group>"; };
		457429ED1B60A592001DF544 /* sign-in copy 3@3x.png */ = {isa = PBXFileReference; lastKnownFileType = image.png; path = "sign-in copy 3@3x.png"; sourceTree = "<group>"; };
		457429F21B60EB99001DF544 /* instagram@2x.png */ = {isa = PBXFileReference; lastKnownFileType = image.png; path = "instagram@2x.png"; sourceTree = "<group>"; };
		457429FE1B611352001DF544 /* DictionaryCard.h */ = {isa = PBXFileReference; fileEncoding = 4; lastKnownFileType = sourcecode.c.h; path = DictionaryCard.h; sourceTree = "<group>"; };
		457429FF1B611352001DF544 /* DictionaryCard.m */ = {isa = PBXFileReference; fileEncoding = 4; lastKnownFileType = sourcecode.c.objc; path = DictionaryCard.m; sourceTree = "<group>"; };
		45742A011B61E754001DF544 /* menu-dictionary.png */ = {isa = PBXFileReference; lastKnownFileType = image.png; path = "menu-dictionary.png"; sourceTree = "<group>"; };
		45742A031B61E75F001DF544 /* menu-food.png */ = {isa = PBXFileReference; lastKnownFileType = image.png; path = "menu-food.png"; sourceTree = "<group>"; };
		45742A051B61E768001DF544 /* menu-test.png */ = {isa = PBXFileReference; lastKnownFileType = image.png; path = "menu-test.png"; sourceTree = "<group>"; };
		45742A071B61E776001DF544 /* menu-secrets.png */ = {isa = PBXFileReference; lastKnownFileType = image.png; path = "menu-secrets.png"; sourceTree = "<group>"; };
		4592A31D1B43C7A500D19FF8 /* Group Copy@2x.png */ = {isa = PBXFileReference; lastKnownFileType = image.png; path = "Group Copy@2x.png"; sourceTree = "<group>"; };
		4592A31E1B43C7A500D19FF8 /* Group Copy@3x.png */ = {isa = PBXFileReference; lastKnownFileType = image.png; path = "Group Copy@3x.png"; sourceTree = "<group>"; };
		4592A3211B43C7A900D19FF8 /* Group Copy.png */ = {isa = PBXFileReference; lastKnownFileType = image.png; path = "Group Copy.png"; sourceTree = "<group>"; };
		45AE269C1B5CFB8F00245732 /* Oval 21@2x.png */ = {isa = PBXFileReference; lastKnownFileType = image.png; path = "Oval 21@2x.png"; sourceTree = "<group>"; };
		45AE269E1B5D1D2C00245732 /* DictionaryViewController.h */ = {isa = PBXFileReference; fileEncoding = 4; lastKnownFileType = sourcecode.c.h; path = DictionaryViewController.h; sourceTree = "<group>"; };
		45AE269F1B5D1D2C00245732 /* DictionaryViewController.m */ = {isa = PBXFileReference; fileEncoding = 4; lastKnownFileType = sourcecode.c.objc; path = DictionaryViewController.m; sourceTree = "<group>"; };
		45AE26A11B5E19FB00245732 /* DetailTableViewController.h */ = {isa = PBXFileReference; lastKnownFileType = sourcecode.c.h; path = DetailTableViewController.h; sourceTree = "<group>"; };
		45AE26A21B5E1A0600245732 /* DetailTableViewController.m */ = {isa = PBXFileReference; fileEncoding = 4; lastKnownFileType = sourcecode.c.objc; path = DetailTableViewController.m; sourceTree = "<group>"; };
		45AE26A51B5E4A3700245732 /* QuartzCore.framework */ = {isa = PBXFileReference; lastKnownFileType = wrapper.framework; name = QuartzCore.framework; path = System/Library/Frameworks/QuartzCore.framework; sourceTree = SDKROOT; };
		45BB36F41B414DF80079AF05 /* Kelin.app */ = {isa = PBXFileReference; explicitFileType = wrapper.application; includeInIndex = 0; path = Kelin.app; sourceTree = BUILT_PRODUCTS_DIR; };
		45BB36F81B414DF80079AF05 /* Info.plist */ = {isa = PBXFileReference; lastKnownFileType = text.plist.xml; path = Info.plist; sourceTree = "<group>"; };
		45BB36F91B414DF80079AF05 /* main.m */ = {isa = PBXFileReference; lastKnownFileType = sourcecode.c.objc; path = main.m; sourceTree = "<group>"; };
		45BB36FB1B414DF80079AF05 /* AppDelegate.h */ = {isa = PBXFileReference; lastKnownFileType = sourcecode.c.h; path = AppDelegate.h; sourceTree = "<group>"; };
		45BB36FC1B414DF80079AF05 /* AppDelegate.m */ = {isa = PBXFileReference; lastKnownFileType = sourcecode.c.objc; path = AppDelegate.m; sourceTree = "<group>"; };
		45BB36FE1B414DF80079AF05 /* ViewController.h */ = {isa = PBXFileReference; lastKnownFileType = sourcecode.c.h; path = ViewController.h; sourceTree = "<group>"; };
		45BB36FF1B414DF80079AF05 /* ViewController.m */ = {isa = PBXFileReference; lastKnownFileType = sourcecode.c.objc; path = ViewController.m; sourceTree = "<group>"; };
		45BB37021B414DF80079AF05 /* Base */ = {isa = PBXFileReference; lastKnownFileType = file.storyboard; name = Base; path = Base.lproj/Main.storyboard; sourceTree = "<group>"; };
		45BB37071B414DF80079AF05 /* Base */ = {isa = PBXFileReference; lastKnownFileType = file.xib; name = Base; path = Base.lproj/LaunchScreen.xib; sourceTree = "<group>"; };
		45BB370D1B414DF80079AF05 /* KelinTests.xctest */ = {isa = PBXFileReference; explicitFileType = wrapper.cfbundle; includeInIndex = 0; path = KelinTests.xctest; sourceTree = BUILT_PRODUCTS_DIR; };
		45BB37121B414DF80079AF05 /* Info.plist */ = {isa = PBXFileReference; lastKnownFileType = text.plist.xml; path = Info.plist; sourceTree = "<group>"; };
		45BB37131B414DF80079AF05 /* KelinTests.m */ = {isa = PBXFileReference; lastKnownFileType = sourcecode.c.objc; path = KelinTests.m; sourceTree = "<group>"; };
		45BB371D1B4150580079AF05 /* Podfile */ = {isa = PBXFileReference; lastKnownFileType = text; path = Podfile; sourceTree = "<group>"; xcLanguageSpecificationIdentifier = xcode.lang.ruby; };
		45CFA4C11B382D8D00914C49 /* voiti.png */ = {isa = PBXFileReference; lastKnownFileType = image.png; path = voiti.png; sourceTree = "<group>"; };
		45D08C261B4287F700C05A99 /* CategoryViewController.h */ = {isa = PBXFileReference; lastKnownFileType = sourcecode.c.h; path = CategoryViewController.h; sourceTree = "<group>"; };
		45D08C271B4287FF00C05A99 /* CategoryViewController.m */ = {isa = PBXFileReference; fileEncoding = 4; lastKnownFileType = sourcecode.c.objc; path = CategoryViewController.m; sourceTree = "<group>"; };
		45D08C291B42AE1F00C05A99 /* TestViewController.h */ = {isa = PBXFileReference; fileEncoding = 4; lastKnownFileType = sourcecode.c.h; path = TestViewController.h; sourceTree = "<group>"; };
		45D08C2A1B42AE1F00C05A99 /* TestViewController.m */ = {isa = PBXFileReference; fileEncoding = 4; lastKnownFileType = sourcecode.c.objc; path = TestViewController.m; sourceTree = "<group>"; };
		45DA8CD31B58FFB400C82362 /* Images.xcassets */ = {isa = PBXFileReference; lastKnownFileType = folder.assetcatalog; path = Images.xcassets; sourceTree = "<group>"; };
		45DA8CD71B5908CC00C82362 /* cook@2x.png */ = {isa = PBXFileReference; lastKnownFileType = image.png; path = "cook@2x.png"; sourceTree = "<group>"; };
		45DB13B91B4E9F90008F0344 /* Fabric.framework */ = {isa = PBXFileReference; lastKnownFileType = wrapper.framework; path = Fabric.framework; sourceTree = "<group>"; };
		45DB13BA1B4E9F90008F0344 /* Crashlytics.framework */ = {isa = PBXFileReference; lastKnownFileType = wrapper.framework; path = Crashlytics.framework; sourceTree = "<group>"; };
		45DBB81C1B4FB47C005FE6F5 /* sign-in copy 2@3x.png */ = {isa = PBXFileReference; lastKnownFileType = image.png; path = "sign-in copy 2@3x.png"; sourceTree = "<group>"; };
		45DBB81E1B4FB562005FE6F5 /* 1st.png */ = {isa = PBXFileReference; lastKnownFileType = image.png; path = 1st.png; sourceTree = "<group>"; };
		45DBB8221B4FB6DE005FE6F5 /* BeginningViewController.h */ = {isa = PBXFileReference; fileEncoding = 4; lastKnownFileType = sourcecode.c.h; path = BeginningViewController.h; sourceTree = "<group>"; };
		45DBB8231B4FB6DE005FE6F5 /* BeginningViewController.m */ = {isa = PBXFileReference; fileEncoding = 4; lastKnownFileType = sourcecode.c.objc; path = BeginningViewController.m; sourceTree = "<group>"; };
		45DBB8281B4FBD9E005FE6F5 /* RegisterViewController.h */ = {isa = PBXFileReference; fileEncoding = 4; lastKnownFileType = sourcecode.c.h; path = RegisterViewController.h; sourceTree = "<group>"; };
		45DBB8291B4FBD9E005FE6F5 /* RegisterViewController.m */ = {isa = PBXFileReference; fileEncoding = 4; lastKnownFileType = sourcecode.c.objc; path = RegisterViewController.m; sourceTree = "<group>"; };
		45DBB82B1B4FCBD8005FE6F5 /* 2nd.png */ = {isa = PBXFileReference; lastKnownFileType = image.png; path = 2nd.png; sourceTree = "<group>"; };
		45DBB82D1B4FDA10005FE6F5 /* Dictionary@3x.png */ = {isa = PBXFileReference; lastKnownFileType = image.png; path = "Dictionary@3x.png"; sourceTree = "<group>"; };
		45DBB82F1B4FDA17005FE6F5 /* Food@3x.png */ = {isa = PBXFileReference; lastKnownFileType = image.png; path = "Food@3x.png"; sourceTree = "<group>"; };
		45DBB8311B4FDA21005FE6F5 /* Secrets@3x.png */ = {isa = PBXFileReference; lastKnownFileType = image.png; path = "Secrets@3x.png"; sourceTree = "<group>"; };
		45DBB8331B4FDA27005FE6F5 /* Test@3x.png */ = {isa = PBXFileReference; lastKnownFileType = image.png; path = "Test@3x.png"; sourceTree = "<group>"; };
		45DBB8391B4FE97B005FE6F5 /* Oval 21@3x.png */ = {isa = PBXFileReference; lastKnownFileType = image.png; path = "Oval 21@3x.png"; sourceTree = "<group>"; };
		45DD80381B664DD200E7B3C7 /* Question.h */ = {isa = PBXFileReference; fileEncoding = 4; lastKnownFileType = sourcecode.c.h; path = Question.h; sourceTree = "<group>"; };
		45DD80391B664DD200E7B3C7 /* Question.m */ = {isa = PBXFileReference; fileEncoding = 4; lastKnownFileType = sourcecode.c.objc; path = Question.m; sourceTree = "<group>"; };
		45E2E5591B68F5B000950052 /* Edit Button@2x.png */ = {isa = PBXFileReference; lastKnownFileType = image.png; path = "Edit Button@2x.png"; sourceTree = "<group>"; };
		45E2E55B1B68F6BB00950052 /* Arrow@2x.png */ = {isa = PBXFileReference; lastKnownFileType = image.png; path = "Arrow@2x.png"; sourceTree = "<group>"; };
		45E2E55F1B68F9DE00950052 /* done.png */ = {isa = PBXFileReference; lastKnownFileType = image.png; path = done.png; sourceTree = "<group>"; };
		45E2E5611B68FF1900950052 /* SecretsViewController.h */ = {isa = PBXFileReference; fileEncoding = 4; lastKnownFileType = sourcecode.c.h; path = SecretsViewController.h; sourceTree = "<group>"; };
		45E2E5621B68FF1900950052 /* SecretsViewController.m */ = {isa = PBXFileReference; fileEncoding = 4; lastKnownFileType = sourcecode.c.objc; path = SecretsViewController.m; sourceTree = "<group>"; };
		45E2E5641B69E78200950052 /* SecretsTableViewController.h */ = {isa = PBXFileReference; fileEncoding = 4; lastKnownFileType = sourcecode.c.h; path = SecretsTableViewController.h; sourceTree = "<group>"; };
		45E2E5651B69E78200950052 /* SecretsTableViewController.m */ = {isa = PBXFileReference; fileEncoding = 4; lastKnownFileType = sourcecode.c.objc; path = SecretsTableViewController.m; sourceTree = "<group>"; };
		45E2E56D1B6A208800950052 /* like.png */ = {isa = PBXFileReference; lastKnownFileType = image.png; path = like.png; sourceTree = "<group>"; };
		45E46D1A1B3FE78E00299BC4 /* Back.png */ = {isa = PBXFileReference; lastKnownFileType = image.png; path = Back.png; sourceTree = "<group>"; };
		71A8261AD1B4F37ED32009D2 /* libPods.a */ = {isa = PBXFileReference; explicitFileType = archive.ar; includeInIndex = 0; path = libPods.a; sourceTree = BUILT_PRODUCTS_DIR; };
		77621FD128E407D974262C12 /* Pods.debug.xcconfig */ = {isa = PBXFileReference; includeInIndex = 1; lastKnownFileType = text.xcconfig; name = Pods.debug.xcconfig; path = "Pods/Target Support Files/Pods/Pods.debug.xcconfig"; sourceTree = "<group>"; };
		ED18152D9D0AAD19DC871B94 /* Pods.release.xcconfig */ = {isa = PBXFileReference; includeInIndex = 1; lastKnownFileType = text.xcconfig; name = Pods.release.xcconfig; path = "Pods/Target Support Files/Pods/Pods.release.xcconfig"; sourceTree = "<group>"; };
/* End PBXFileReference section */

/* Begin PBXFrameworksBuildPhase section */
		45BB36F11B414DF80079AF05 /* Frameworks */ = {
			isa = PBXFrameworksBuildPhase;
			buildActionMask = 2147483647;
			files = (
				45AE26A61B5E4A3700245732 /* QuartzCore.framework in Frameworks */,
				1DE0D9BB28890743D4827993 /* libPods.a in Frameworks */,
				45DB13BC1B4E9F90008F0344 /* Crashlytics.framework in Frameworks */,
				45DB13BB1B4E9F90008F0344 /* Fabric.framework in Frameworks */,
			);
			runOnlyForDeploymentPostprocessing = 0;
		};
		45BB370A1B414DF80079AF05 /* Frameworks */ = {
			isa = PBXFrameworksBuildPhase;
			buildActionMask = 2147483647;
			files = (
			);
			runOnlyForDeploymentPostprocessing = 0;
		};
/* End PBXFrameworksBuildPhase section */

/* Begin PBXGroup section */
		451464131B6B43CC00245937 /* Secrets */ = {
			isa = PBXGroup;
			children = (
				45E2E5611B68FF1900950052 /* SecretsViewController.h */,
				45E2E5621B68FF1900950052 /* SecretsViewController.m */,
				45E2E5641B69E78200950052 /* SecretsTableViewController.h */,
				45E2E5651B69E78200950052 /* SecretsTableViewController.m */,
				451464141B6B43F000245937 /* SecretPostTableViewCell.h */,
				451464151B6B43F000245937 /* SecretPostTableViewCell.m */,
			);
			path = Secrets;
			sourceTree = "<group>";
		};
		4514641A1B6B520000245937 /* Test */ = {
			isa = PBXGroup;
			children = (
				45DD80381B664DD200E7B3C7 /* Question.h */,
				45DD80391B664DD200E7B3C7 /* Question.m */,
				45D08C291B42AE1F00C05A99 /* TestViewController.h */,
				45D08C2A1B42AE1F00C05A99 /* TestViewController.m */,
				45029AF51B4BB41500E4B8AC /* ResultsViewController.h */,
				45029AF61B4BB41500E4B8AC /* ResultsViewController.m */,
			);
			path = Test;
			sourceTree = "<group>";
		};
		4514641B1B6B526900245937 /* Recipes */ = {
			isa = PBXGroup;
			children = (
				454141AD1B54B91D00524FA9 /* SecondTableCell.h */,
				454141AE1B54B91D00524FA9 /* SecondTableCell.m */,
				4541419D1B53AD9D00524FA9 /* TableCell.h */,
				4541419E1B53AD9D00524FA9 /* TableCell.m */,
				454141A01B53B6AB00524FA9 /* TableViewController.h */,
				454141A11B53B6AB00524FA9 /* TableViewController.m */,
				45AE26A11B5E19FB00245732 /* DetailTableViewController.h */,
				45AE26A21B5E1A0600245732 /* DetailTableViewController.m */,
			);
			path = Recipes;
			sourceTree = "<group>";
		};
		4514641C1B6B52C600245937 /* Dictionary */ = {
			isa = PBXGroup;
			children = (
				45AE269E1B5D1D2C00245732 /* DictionaryViewController.h */,
				45AE269F1B5D1D2C00245732 /* DictionaryViewController.m */,
				457429FE1B611352001DF544 /* DictionaryCard.h */,
				457429FF1B611352001DF544 /* DictionaryCard.m */,
			);
			path = Dictionary;
			sourceTree = "<group>";
		};
		457429F11B60B672001DF544 /* Images */ = {
			isa = PBXGroup;
			children = (
				45E2E5591B68F5B000950052 /* Edit Button@2x.png */,
				45E46D1A1B3FE78E00299BC4 /* Back.png */,
				45742A031B61E75F001DF544 /* menu-food.png */,
				45742A011B61E754001DF544 /* menu-dictionary.png */,
				45742A051B61E768001DF544 /* menu-test.png */,
				45742A071B61E776001DF544 /* menu-secrets.png */,
				45CFA4C11B382D8D00914C49 /* voiti.png */,
				45AE269C1B5CFB8F00245732 /* Oval 21@2x.png */,
				4592A31D1B43C7A500D19FF8 /* Group Copy@2x.png */,
				457429F21B60EB99001DF544 /* instagram@2x.png */,
				4592A31E1B43C7A500D19FF8 /* Group Copy@3x.png */,
				4592A3211B43C7A900D19FF8 /* Group Copy.png */,
				45E2E55B1B68F6BB00950052 /* Arrow@2x.png */,
				45DBB82B1B4FCBD8005FE6F5 /* 2nd.png */,
				45E2E55F1B68F9DE00950052 /* done.png */,
				45DBB81E1B4FB562005FE6F5 /* 1st.png */,
				45E2E56D1B6A208800950052 /* like.png */,
				457429EB1B60A56B001DF544 /* sign-in copy 3.png */,
				457429ED1B60A592001DF544 /* sign-in copy 3@3x.png */,
				45DA8CD71B5908CC00C82362 /* cook@2x.png */,
				454141A51B53C0BD00524FA9 /* samsa.jpg */,
				454141A31B53C0AF00524FA9 /* beshbarmak.jpg */,
				45DBB8391B4FE97B005FE6F5 /* Oval 21@3x.png */,
				45DBB8331B4FDA27005FE6F5 /* Test@3x.png */,
				45DBB82D1B4FDA10005FE6F5 /* Dictionary@3x.png */,
				45DBB8311B4FDA21005FE6F5 /* Secrets@3x.png */,
				45DBB82F1B4FDA17005FE6F5 /* Food@3x.png */,
				45DBB81C1B4FB47C005FE6F5 /* sign-in copy 2@3x.png */,
			);
			name = Images;
			path = images;
			sourceTree = "<group>";
		};
		45BB36EB1B414DF80079AF05 = {
			isa = PBXGroup;
			children = (
				45BB371D1B4150580079AF05 /* Podfile */,
				45BB36F61B414DF80079AF05 /* Kelin */,
				45BB37101B414DF80079AF05 /* KelinTests */,
				45BB36F51B414DF80079AF05 /* Products */,
				5E5E1B1ACBA99E29A8BDC2EF /* Pods */,
				D3959682869C9343185C3187 /* Frameworks */,
			);
			sourceTree = "<group>";
		};
		45BB36F51B414DF80079AF05 /* Products */ = {
			isa = PBXGroup;
			children = (
				45BB36F41B414DF80079AF05 /* Kelin.app */,
				45BB370D1B414DF80079AF05 /* KelinTests.xctest */,
			);
			name = Products;
			sourceTree = "<group>";
		};
		45BB36F61B414DF80079AF05 /* Kelin */ = {
			isa = PBXGroup;
			children = (
				4514641A1B6B520000245937 /* Test */,
				4514641B1B6B526900245937 /* Recipes */,
				4514641C1B6B52C600245937 /* Dictionary */,
				451464131B6B43CC00245937 /* Secrets */,
				457429F11B60B672001DF544 /* Images */,
				45BB36FB1B414DF80079AF05 /* AppDelegate.h */,
				45BB36FC1B414DF80079AF05 /* AppDelegate.m */,
				45BB37011B414DF80079AF05 /* Main.storyboard */,
				45DBB8221B4FB6DE005FE6F5 /* BeginningViewController.h */,
				45DBB8231B4FB6DE005FE6F5 /* BeginningViewController.m */,
				45BB36FE1B414DF80079AF05 /* ViewController.h */,
				45BB36FF1B414DF80079AF05 /* ViewController.m */,
				45DBB8281B4FBD9E005FE6F5 /* RegisterViewController.h */,
				45DBB8291B4FBD9E005FE6F5 /* RegisterViewController.m */,
				45D08C261B4287F700C05A99 /* CategoryViewController.h */,
				45D08C271B4287FF00C05A99 /* CategoryViewController.m */,
				45DA8CD31B58FFB400C82362 /* Images.xcassets */,
				45BB37061B414DF80079AF05 /* LaunchScreen.xib */,
				45BB36F71B414DF80079AF05 /* Supporting Files */,
			);
			path = Kelin;
			sourceTree = "<group>";
		};
		45BB36F71B414DF80079AF05 /* Supporting Files */ = {
			isa = PBXGroup;
			children = (
				45BB36F81B414DF80079AF05 /* Info.plist */,
				45BB36F91B414DF80079AF05 /* main.m */,
			);
			path = "Supporting Files";
			sourceTree = "<group>";
		};
		45BB37101B414DF80079AF05 /* KelinTests */ = {
			isa = PBXGroup;
			children = (
				45BB37131B414DF80079AF05 /* KelinTests.m */,
				45BB37111B414DF80079AF05 /* Supporting Files */,
			);
			path = KelinTests;
			sourceTree = "<group>";
		};
		45BB37111B414DF80079AF05 /* Supporting Files */ = {
			isa = PBXGroup;
			children = (
				45BB37121B414DF80079AF05 /* Info.plist */,
			);
			path = "Supporting Files";
			sourceTree = "<group>";
		};
		5E5E1B1ACBA99E29A8BDC2EF /* Pods */ = {
			isa = PBXGroup;
			children = (
				77621FD128E407D974262C12 /* Pods.debug.xcconfig */,
				ED18152D9D0AAD19DC871B94 /* Pods.release.xcconfig */,
			);
			name = Pods;
			sourceTree = "<group>";
		};
		D3959682869C9343185C3187 /* Frameworks */ = {
			isa = PBXGroup;
			children = (
				45AE26A51B5E4A3700245732 /* QuartzCore.framework */,
				45DB13B91B4E9F90008F0344 /* Fabric.framework */,
				45DB13BA1B4E9F90008F0344 /* Crashlytics.framework */,
				71A8261AD1B4F37ED32009D2 /* libPods.a */,
			);
			name = Frameworks;
			sourceTree = "<group>";
		};
/* End PBXGroup section */

/* Begin PBXNativeTarget section */
		45BB36F31B414DF80079AF05 /* Kelin */ = {
			isa = PBXNativeTarget;
			buildConfigurationList = 45BB37171B414DF80079AF05 /* Build configuration list for PBXNativeTarget "Kelin" */;
			buildPhases = (
				CBD6A2F3393E87154D4E5D58 /* Check Pods Manifest.lock */,
				45BB36F01B414DF80079AF05 /* Sources */,
				45BB36F11B414DF80079AF05 /* Frameworks */,
				45BB36F21B414DF80079AF05 /* Resources */,
				490BA7F74DBCE3FAF5C30F6D /* Copy Pods Resources */,
				45DB13B81B4E9EDE008F0344 /* ShellScript */,
			);
			buildRules = (
			);
			dependencies = (
			);
			name = Kelin;
			productName = Kelin;
			productReference = 45BB36F41B414DF80079AF05 /* Kelin.app */;
			productType = "com.apple.product-type.application";
		};
		45BB370C1B414DF80079AF05 /* KelinTests */ = {
			isa = PBXNativeTarget;
			buildConfigurationList = 45BB371A1B414DF80079AF05 /* Build configuration list for PBXNativeTarget "KelinTests" */;
			buildPhases = (
				45BB37091B414DF80079AF05 /* Sources */,
				45BB370A1B414DF80079AF05 /* Frameworks */,
				45BB370B1B414DF80079AF05 /* Resources */,
			);
			buildRules = (
			);
			dependencies = (
				45BB370F1B414DF80079AF05 /* PBXTargetDependency */,
			);
			name = KelinTests;
			productName = KelinTests;
			productReference = 45BB370D1B414DF80079AF05 /* KelinTests.xctest */;
			productType = "com.apple.product-type.bundle.unit-test";
		};
/* End PBXNativeTarget section */

/* Begin PBXProject section */
		45BB36EC1B414DF80079AF05 /* Project object */ = {
			isa = PBXProject;
			attributes = {
				LastUpgradeCheck = 0630;
				ORGANIZATIONNAME = "Didara Pernebayeva";
				TargetAttributes = {
					45BB36F31B414DF80079AF05 = {
						CreatedOnToolsVersion = 6.3.2;
						DevelopmentTeam = P993BJWE94;
					};
					45BB370C1B414DF80079AF05 = {
						CreatedOnToolsVersion = 6.3.2;
						TestTargetID = 45BB36F31B414DF80079AF05;
					};
				};
			};
			buildConfigurationList = 45BB36EF1B414DF80079AF05 /* Build configuration list for PBXProject "Kelin" */;
			compatibilityVersion = "Xcode 3.2";
			developmentRegion = English;
			hasScannedForEncodings = 0;
			knownRegions = (
				en,
				Base,
			);
			mainGroup = 45BB36EB1B414DF80079AF05;
			productRefGroup = 45BB36F51B414DF80079AF05 /* Products */;
			projectDirPath = "";
			projectRoot = "";
			targets = (
				45BB36F31B414DF80079AF05 /* Kelin */,
				45BB370C1B414DF80079AF05 /* KelinTests */,
			);
		};
/* End PBXProject section */

/* Begin PBXResourcesBuildPhase section */
		45BB36F21B414DF80079AF05 /* Resources */ = {
			isa = PBXResourcesBuildPhase;
			buildActionMask = 2147483647;
			files = (
				45E2E56E1B6A208800950052 /* like.png in Resources */,
				45BB37031B414DF80079AF05 /* Main.storyboard in Resources */,
				45742A041B61E75F001DF544 /* menu-food.png in Resources */,
				45DA8CD41B58FFB400C82362 /* Images.xcassets in Resources */,
				45DBB83A1B4FE97B005FE6F5 /* Oval 21@3x.png in Resources */,
				45E2E5601B68F9DE00950052 /* done.png in Resources */,
				45DBB8321B4FDA21005FE6F5 /* Secrets@3x.png in Resources */,
				454141A41B53C0AF00524FA9 /* beshbarmak.jpg in Resources */,
				45BB37081B414DF80079AF05 /* LaunchScreen.xib in Resources */,
				45AE269D1B5CFB8F00245732 /* Oval 21@2x.png in Resources */,
				4592A3221B43C7A900D19FF8 /* Group Copy.png in Resources */,
				457429EC1B60A56B001DF544 /* sign-in copy 3.png in Resources */,
				45E2E55C1B68F6BB00950052 /* Arrow@2x.png in Resources */,
				45DBB81F1B4FB562005FE6F5 /* 1st.png in Resources */,
				45742A081B61E776001DF544 /* menu-secrets.png in Resources */,
				45E46D1B1B3FE78E00299BC4 /* Back.png in Resources */,
				45DBB82E1B4FDA10005FE6F5 /* Dictionary@3x.png in Resources */,
				45CFA4C21B382D8D00914C49 /* voiti.png in Resources */,
				45DA8CD81B5908CC00C82362 /* cook@2x.png in Resources */,
				45DBB82C1B4FCBD8005FE6F5 /* 2nd.png in Resources */,
				45E2E55A1B68F5B000950052 /* Edit Button@2x.png in Resources */,
				4592A3201B43C7A500D19FF8 /* Group Copy@3x.png in Resources */,
				45742A061B61E768001DF544 /* menu-test.png in Resources */,
				45DBB8341B4FDA27005FE6F5 /* Test@3x.png in Resources */,
				454141A61B53C0BD00524FA9 /* samsa.jpg in Resources */,
				457429EE1B60A592001DF544 /* sign-in copy 3@3x.png in Resources */,
				457429F31B60EB99001DF544 /* instagram@2x.png in Resources */,
				45DBB8301B4FDA17005FE6F5 /* Food@3x.png in Resources */,
				45DBB81D1B4FB47C005FE6F5 /* sign-in copy 2@3x.png in Resources */,
				45742A021B61E754001DF544 /* menu-dictionary.png in Resources */,
				4592A31F1B43C7A500D19FF8 /* Group Copy@2x.png in Resources */,
			);
			runOnlyForDeploymentPostprocessing = 0;
		};
		45BB370B1B414DF80079AF05 /* Resources */ = {
			isa = PBXResourcesBuildPhase;
			buildActionMask = 2147483647;
			files = (
			);
			runOnlyForDeploymentPostprocessing = 0;
		};
/* End PBXResourcesBuildPhase section */

/* Begin PBXShellScriptBuildPhase section */
		45DB13B81B4E9EDE008F0344 /* ShellScript */ = {
			isa = PBXShellScriptBuildPhase;
			buildActionMask = 2147483647;
			files = (
			);
			inputPaths = (
			);
			outputPaths = (
			);
			runOnlyForDeploymentPostprocessing = 0;
			shellPath = /bin/sh;
			shellScript = "./Fabric.framework/run 2eef89b102e417907f7eb509aaf6d204c7f264ff 1309d446ea0651fa36e3421997cac0a2a8c583e82cc15b687581dc6a4ffff41f";
		};
		490BA7F74DBCE3FAF5C30F6D /* Copy Pods Resources */ = {
			isa = PBXShellScriptBuildPhase;
			buildActionMask = 2147483647;
			files = (
			);
			inputPaths = (
			);
			name = "Copy Pods Resources";
			outputPaths = (
			);
			runOnlyForDeploymentPostprocessing = 0;
			shellPath = /bin/sh;
			shellScript = "\"${SRCROOT}/Pods/Target Support Files/Pods/Pods-resources.sh\"\n";
			showEnvVarsInLog = 0;
		};
		CBD6A2F3393E87154D4E5D58 /* Check Pods Manifest.lock */ = {
			isa = PBXShellScriptBuildPhase;
			buildActionMask = 2147483647;
			files = (
			);
			inputPaths = (
			);
			name = "Check Pods Manifest.lock";
			outputPaths = (
			);
			runOnlyForDeploymentPostprocessing = 0;
			shellPath = /bin/sh;
			shellScript = "diff \"${PODS_ROOT}/../Podfile.lock\" \"${PODS_ROOT}/Manifest.lock\" > /dev/null\nif [[ $? != 0 ]] ; then\n    cat << EOM\nerror: The sandbox is not in sync with the Podfile.lock. Run 'pod install' or update your CocoaPods installation.\nEOM\n    exit 1\nfi\n";
			showEnvVarsInLog = 0;
		};
/* End PBXShellScriptBuildPhase section */

/* Begin PBXSourcesBuildPhase section */
		45BB36F01B414DF80079AF05 /* Sources */ = {
			isa = PBXSourcesBuildPhase;
			buildActionMask = 2147483647;
			files = (
				451464161B6B43F000245937 /* SecretPostTableViewCell.m in Sources */,
				454141AF1B54B91D00524FA9 /* SecondTableCell.m in Sources */,
				45D08C281B4287FF00C05A99 /* CategoryViewController.m in Sources */,
				45AE26A31B5E1A0600245732 /* DetailTableViewController.m in Sources */,
				45AE26A01B5D1D2C00245732 /* DictionaryViewController.m in Sources */,
				45BB37001B414DF80079AF05 /* ViewController.m in Sources */,
				4541419F1B53AD9D00524FA9 /* TableCell.m in Sources */,
				45DBB8241B4FB6DE005FE6F5 /* BeginningViewController.m in Sources */,
				45DBB82A1B4FBD9E005FE6F5 /* RegisterViewController.m in Sources */,
				45BB36FD1B414DF80079AF05 /* AppDelegate.m in Sources */,
				454141A21B53B6AB00524FA9 /* TableViewController.m in Sources */,
				45E2E5631B68FF1900950052 /* SecretsViewController.m in Sources */,
				45029AF71B4BB41500E4B8AC /* ResultsViewController.m in Sources */,
				45742A001B611352001DF544 /* DictionaryCard.m in Sources */,
				45DD803A1B664DD200E7B3C7 /* Question.m in Sources */,
				45BB36FA1B414DF80079AF05 /* main.m in Sources */,
				45E2E5661B69E78200950052 /* SecretsTableViewController.m in Sources */,
				45D08C2B1B42AE1F00C05A99 /* TestViewController.m in Sources */,
			);
			runOnlyForDeploymentPostprocessing = 0;
		};
		45BB37091B414DF80079AF05 /* Sources */ = {
			isa = PBXSourcesBuildPhase;
			buildActionMask = 2147483647;
			files = (
				45BB37141B414DF80079AF05 /* KelinTests.m in Sources */,
			);
			runOnlyForDeploymentPostprocessing = 0;
		};
/* End PBXSourcesBuildPhase section */

/* Begin PBXTargetDependency section */
		45BB370F1B414DF80079AF05 /* PBXTargetDependency */ = {
			isa = PBXTargetDependency;
			target = 45BB36F31B414DF80079AF05 /* Kelin */;
			targetProxy = 45BB370E1B414DF80079AF05 /* PBXContainerItemProxy */;
		};
/* End PBXTargetDependency section */

/* Begin PBXVariantGroup section */
		45BB37011B414DF80079AF05 /* Main.storyboard */ = {
			isa = PBXVariantGroup;
			children = (
				45BB37021B414DF80079AF05 /* Base */,
			);
			name = Main.storyboard;
			path = .;
			sourceTree = "<group>";
		};
		45BB37061B414DF80079AF05 /* LaunchScreen.xib */ = {
			isa = PBXVariantGroup;
			children = (
				45BB37071B414DF80079AF05 /* Base */,
			);
			name = LaunchScreen.xib;
			path = .;
			sourceTree = "<group>";
		};
/* End PBXVariantGroup section */

/* Begin XCBuildConfiguration section */
		45BB37151B414DF80079AF05 /* Debug */ = {
			isa = XCBuildConfiguration;
			buildSettings = {
				ALWAYS_SEARCH_USER_PATHS = NO;
				CLANG_CXX_LANGUAGE_STANDARD = "gnu++0x";
				CLANG_CXX_LIBRARY = "libc++";
				CLANG_ENABLE_MODULES = YES;
				CLANG_ENABLE_OBJC_ARC = YES;
				CLANG_WARN_BOOL_CONVERSION = YES;
				CLANG_WARN_CONSTANT_CONVERSION = YES;
				CLANG_WARN_DIRECT_OBJC_ISA_USAGE = YES_ERROR;
				CLANG_WARN_EMPTY_BODY = YES;
				CLANG_WARN_ENUM_CONVERSION = YES;
				CLANG_WARN_INT_CONVERSION = YES;
				CLANG_WARN_OBJC_ROOT_CLASS = YES_ERROR;
				CLANG_WARN_UNREACHABLE_CODE = YES;
				CLANG_WARN__DUPLICATE_METHOD_MATCH = YES;
				"CODE_SIGN_IDENTITY[sdk=iphoneos*]" = "iPhone Developer";
				COPY_PHASE_STRIP = NO;
				DEBUG_INFORMATION_FORMAT = "dwarf-with-dsym";
				ENABLE_STRICT_OBJC_MSGSEND = YES;
				GCC_C_LANGUAGE_STANDARD = gnu99;
				GCC_DYNAMIC_NO_PIC = NO;
				GCC_NO_COMMON_BLOCKS = YES;
				GCC_OPTIMIZATION_LEVEL = 0;
				GCC_PREPROCESSOR_DEFINITIONS = (
					"DEBUG=1",
					"$(inherited)",
				);
				GCC_SYMBOLS_PRIVATE_EXTERN = NO;
				GCC_WARN_64_TO_32_BIT_CONVERSION = YES;
				GCC_WARN_ABOUT_RETURN_TYPE = YES_ERROR;
				GCC_WARN_UNDECLARED_SELECTOR = YES;
				GCC_WARN_UNINITIALIZED_AUTOS = YES_AGGRESSIVE;
				GCC_WARN_UNUSED_FUNCTION = YES;
				GCC_WARN_UNUSED_VARIABLE = YES;
				IPHONEOS_DEPLOYMENT_TARGET = 8.3;
				MTL_ENABLE_DEBUG_INFO = YES;
				ONLY_ACTIVE_ARCH = YES;
				SDKROOT = iphoneos;
			};
			name = Debug;
		};
		45BB37161B414DF80079AF05 /* Release */ = {
			isa = XCBuildConfiguration;
			buildSettings = {
				ALWAYS_SEARCH_USER_PATHS = NO;
				CLANG_CXX_LANGUAGE_STANDARD = "gnu++0x";
				CLANG_CXX_LIBRARY = "libc++";
				CLANG_ENABLE_MODULES = YES;
				CLANG_ENABLE_OBJC_ARC = YES;
				CLANG_WARN_BOOL_CONVERSION = YES;
				CLANG_WARN_CONSTANT_CONVERSION = YES;
				CLANG_WARN_DIRECT_OBJC_ISA_USAGE = YES_ERROR;
				CLANG_WARN_EMPTY_BODY = YES;
				CLANG_WARN_ENUM_CONVERSION = YES;
				CLANG_WARN_INT_CONVERSION = YES;
				CLANG_WARN_OBJC_ROOT_CLASS = YES_ERROR;
				CLANG_WARN_UNREACHABLE_CODE = YES;
				CLANG_WARN__DUPLICATE_METHOD_MATCH = YES;
				"CODE_SIGN_IDENTITY[sdk=iphoneos*]" = "iPhone Developer";
				COPY_PHASE_STRIP = NO;
				DEBUG_INFORMATION_FORMAT = "dwarf-with-dsym";
				ENABLE_NS_ASSERTIONS = NO;
				ENABLE_STRICT_OBJC_MSGSEND = YES;
				GCC_C_LANGUAGE_STANDARD = gnu99;
				GCC_NO_COMMON_BLOCKS = YES;
				GCC_WARN_64_TO_32_BIT_CONVERSION = YES;
				GCC_WARN_ABOUT_RETURN_TYPE = YES_ERROR;
				GCC_WARN_UNDECLARED_SELECTOR = YES;
				GCC_WARN_UNINITIALIZED_AUTOS = YES_AGGRESSIVE;
				GCC_WARN_UNUSED_FUNCTION = YES;
				GCC_WARN_UNUSED_VARIABLE = YES;
				IPHONEOS_DEPLOYMENT_TARGET = 8.3;
				MTL_ENABLE_DEBUG_INFO = NO;
				SDKROOT = iphoneos;
				VALIDATE_PRODUCT = YES;
			};
			name = Release;
		};
		45BB37181B414DF80079AF05 /* Debug */ = {
			isa = XCBuildConfiguration;
			baseConfigurationReference = 77621FD128E407D974262C12 /* Pods.debug.xcconfig */;
			buildSettings = {
				ASSETCATALOG_COMPILER_APPICON_NAME = AppIcon;
				CODE_SIGN_IDENTITY = "iPhone Developer";
				"CODE_SIGN_IDENTITY[sdk=iphoneos*]" = "iPhone Distribution: Zero to One Labs LLC (P993BJWE94)";
				FRAMEWORK_SEARCH_PATHS = (
					"$(inherited)",
					"$(PROJECT_DIR)",
				);
				INFOPLIST_FILE = "$(SRCROOT)/Kelin/Supporting Files/Info.plist";
				LD_RUNPATH_SEARCH_PATHS = "$(inherited) @executable_path/Frameworks";
				PRODUCT_NAME = Kelin;
				PROVISIONING_PROFILE = "63f8e58e-cbef-4090-a668-9e862b177978";
				TARGETED_DEVICE_FAMILY = 1;
			};
			name = Debug;
		};
		45BB37191B414DF80079AF05 /* Release */ = {
			isa = XCBuildConfiguration;
			baseConfigurationReference = ED18152D9D0AAD19DC871B94 /* Pods.release.xcconfig */;
			buildSettings = {
				ASSETCATALOG_COMPILER_APPICON_NAME = AppIcon;
				CODE_SIGN_IDENTITY = "iPhone Developer";
				"CODE_SIGN_IDENTITY[sdk=*]" = "iPhone Distribution: Zero to One Labs LLC (P993BJWE94)";
				"CODE_SIGN_IDENTITY[sdk=iphoneos*]" = "iPhone Distribution: Zero to One Labs LLC (P993BJWE94)";
				FRAMEWORK_SEARCH_PATHS = (
					"$(inherited)",
					"$(PROJECT_DIR)",
				);
				INFOPLIST_FILE = "$(SRCROOT)/Kelin/Supporting Files/Info.plist";
				LD_RUNPATH_SEARCH_PATHS = "$(inherited) @executable_path/Frameworks";
				PRODUCT_NAME = Kelin;
				PROVISIONING_PROFILE = "63f8e58e-cbef-4090-a668-9e862b177978";
				TARGETED_DEVICE_FAMILY = 1;
			};
			name = Release;
		};
		45BB371B1B414DF80079AF05 /* Debug */ = {
			isa = XCBuildConfiguration;
			buildSettings = {
				BUNDLE_LOADER = "$(TEST_HOST)";
				FRAMEWORK_SEARCH_PATHS = (
					"$(SDKROOT)/Developer/Library/Frameworks",
					"$(inherited)",
				);
				GCC_PREPROCESSOR_DEFINITIONS = (
					"DEBUG=1",
					"$(inherited)",
				);
				INFOPLIST_FILE = "KelinTests/Supporting Files/Info.plist";
				LD_RUNPATH_SEARCH_PATHS = "$(inherited) @executable_path/Frameworks @loader_path/Frameworks";
				PRODUCT_NAME = KelinTests;
				TEST_HOST = "$(BUILT_PRODUCTS_DIR)/Kelin.app/Kelin";
			};
			name = Debug;
		};
		45BB371C1B414DF80079AF05 /* Release */ = {
			isa = XCBuildConfiguration;
			buildSettings = {
				BUNDLE_LOADER = "$(TEST_HOST)";
				FRAMEWORK_SEARCH_PATHS = (
					"$(SDKROOT)/Developer/Library/Frameworks",
					"$(inherited)",
				);
				INFOPLIST_FILE = "KelinTests/Supporting Files/Info.plist";
				LD_RUNPATH_SEARCH_PATHS = "$(inherited) @executable_path/Frameworks @loader_path/Frameworks";
				PRODUCT_NAME = KelinTests;
				TEST_HOST = "$(BUILT_PRODUCTS_DIR)/Kelin.app/Kelin";
			};
			name = Release;
		};
/* End XCBuildConfiguration section */

/* Begin XCConfigurationList section */
		45BB36EF1B414DF80079AF05 /* Build configuration list for PBXProject "Kelin" */ = {
			isa = XCConfigurationList;
			buildConfigurations = (
				45BB37151B414DF80079AF05 /* Debug */,
				45BB37161B414DF80079AF05 /* Release */,
			);
			defaultConfigurationIsVisible = 0;
			defaultConfigurationName = Release;
		};
		45BB37171B414DF80079AF05 /* Build configuration list for PBXNativeTarget "Kelin" */ = {
			isa = XCConfigurationList;
			buildConfigurations = (
				45BB37181B414DF80079AF05 /* Debug */,
				45BB37191B414DF80079AF05 /* Release */,
			);
			defaultConfigurationIsVisible = 0;
			defaultConfigurationName = Release;
		};
		45BB371A1B414DF80079AF05 /* Build configuration list for PBXNativeTarget "KelinTests" */ = {
			isa = XCConfigurationList;
			buildConfigurations = (
				45BB371B1B414DF80079AF05 /* Debug */,
				45BB371C1B414DF80079AF05 /* Release */,
			);
			defaultConfigurationIsVisible = 0;
			defaultConfigurationName = Release;
		};
/* End XCConfigurationList section */
	};
	rootObject = 45BB36EC1B414DF80079AF05 /* Project object */;
}
